
Microsoft Visual Studio Solution File, Format Version 12.00
# Visual Studio Version 17
VisualStudioVersion = 17.7.34031.279
MinimumVisualStudioVersion = 10.0.40219.1
Project("{2150E333-8FDC-42A3-9474-1A3956D46DE8}") = "API", "API", "{9CB386CA-3F38-4693-AFFB-0B2BEFB0284B}"
EndProject
Project("{2150E333-8FDC-42A3-9474-1A3956D46DE8}") = "STL", "STL", "{E72A1835-DABE-47F7-8E89-C89A04170FB7}"
EndProject
Project("{2150E333-8FDC-42A3-9474-1A3956D46DE8}") = "QT", "QT", "{7D99400E-B5C5-4573-BFD1-92B8326C0833}"
EndProject
Project("{2150E333-8FDC-42A3-9474-1A3956D46DE8}") = "C++", "C++", "{A6838175-BA3B-44D9-9C9A-DC81F8AF6AC6}"
EndProject
Project("{2150E333-8FDC-42A3-9474-1A3956D46DE8}") = "LeetCode", "LeetCode", "{ED05B8CD-467A-4109-9AE0-F6E29A141E3B}"
EndProject
Project("{2150E333-8FDC-42A3-9474-1A3956D46DE8}") = "Reg", "Reg", "{ADC7F08A-6D29-4AEC-80D1-CB717D507DC2}"
EndProject
Project("{2150E333-8FDC-42A3-9474-1A3956D46DE8}") = "pipeDemo", "pipeDemo", "{263764B5-BC9A-463E-B2B1-4F0B03DD86A6}"
EndProject
Project("{2150E333-8FDC-42A3-9474-1A3956D46DE8}") = "Json11", "Json11", "{25B64ADA-438B-4EDD-B597-C4ED294D375C}"
EndProject
Project("{2150E333-8FDC-42A3-9474-1A3956D46DE8}") = "Curl", "Curl", "{5FEDAAE4-1602-46A6-81EC-7812AD9BFD90}"
EndProject
Project("{2150E333-8FDC-42A3-9474-1A3956D46DE8}") = "Solution", "Solution", "{986E8B90-4A9E-4867-9307-1310F98FC9EF}"
EndProject
Project("{2150E333-8FDC-42A3-9474-1A3956D46DE8}") = "RouteMonitor", "RouteMonitor", "{F4897C8F-7965-42B9-97D9-58118C277000}"
EndProject
Project("{8BC9CEB8-8B4A-11D0-8D11-00A0C91BC942}") = "codeConvert", "Solution\codeConvert\codeConvert.vcxproj", "{9D2B39F7-9B48-49A8-BF77-A386ADD0A806}"
EndProject
Project("{8BC9CEB8-8B4A-11D0-8D11-00A0C91BC942}") = "Json11Test", "Solution\Json11Test\Json11Test.vcxproj", "{EE9E9D6E-BE7C-4465-9100-39A2546D882C}"
EndProject
Project("{8BC9CEB8-8B4A-11D0-8D11-00A0C91BC942}") = "RouteChangeTest", "WinAPI\RouteChange\RouteChange.vcxproj", "{D6930701-A16C-47B9-BA39-3D841CEBD5F7}"
EndProject
Project("{2150E333-8FDC-42A3-9474-1A3956D46DE8}") = "IPOption", "IPOption", "{31777506-1BA1-4F24-B829-5C3411E78B8A}"
EndProject
Project("{8BC9CEB8-8B4A-11D0-8D11-00A0C91BC942}") = "IPOption", "WinAPI\IPOption\IPOption.vcxproj", "{DB11B189-3D21-4292-9C84-780F2BB3D007}"
EndProject
Project("{8BC9CEB8-8B4A-11D0-8D11-00A0C91BC942}") = "RegGetValue", "WinAPI\RegGetValue\RegGetValue.vcxproj", "{E4F452D2-4EC2-4D45-8C42-6D5BC935047E}"
EndProject
Project("{8BC9CEB8-8B4A-11D0-8D11-00A0C91BC942}") = "RegType", "WinAPI\RegType\RegType.vcxproj", "{A73397F5-C46C-4BDE-B63F-936BFDD89CA1}"
EndProject
Project("{8BC9CEB8-8B4A-11D0-8D11-00A0C91BC942}") = "WaitForSingleObject", "WinAPI\WaitForSingleObject\WaitForSingleObject.vcxproj", "{8CA2D135-44F4-4349-B15A-4ABF92477708}"
EndProject
Project("{8BC9CEB8-8B4A-11D0-8D11-00A0C91BC942}") = "NetUser", "WinAPI\NetUser\NetUser.vcxproj", "{E47B59AE-6BFB-453E-8889-D0C932F7154D}"
EndProject
Project("{2150E333-8FDC-42A3-9474-1A3956D46DE8}") = "NetUser", "NetUser", "{0FBC854F-B5CF-485D-A81D-5ADC5811782F}"
EndProject
Project("{2150E333-8FDC-42A3-9474-1A3956D46DE8}") = "Windows", "Windows", "{EAA894D0-67F1-43E6-B6C3-B941EEA1E3AF}"
EndProject
Project("{8BC9CEB8-8B4A-11D0-8D11-00A0C91BC942}") = "GetProcessPath", "WinAPI\GetProcessPath\GetProcessPath.vcxproj", "{6EFFAAD0-CB86-440B-B8B1-3FC14FEE1C80}"
EndProject
Project("{8BC9CEB8-8B4A-11D0-8D11-00A0C91BC942}") = "CreateService", "WinAPI\CreateService\CreateService.vcxproj", "{56E9F1D1-3584-4D08-9F33-FA53AFCD404E}"
EndProject
Project("{8BC9CEB8-8B4A-11D0-8D11-00A0C91BC942}") = "ExpandEnvironmentStrings", "WinAPI\ExpandEnvironmentStrings\ExpandEnvironmentStrings.vcxproj", "{5D92115B-0F5D-457F-B926-3CA969CB9B64}"
EndProject
Project("{8BC9CEB8-8B4A-11D0-8D11-00A0C91BC942}") = "GetTempDir", "WinAPI\GetTempDir\GetTempDir.vcxproj", "{7BC0A987-0EC4-4563-A14C-BCB935F1DD54}"
EndProject
Project("{8BC9CEB8-8B4A-11D0-8D11-00A0C91BC942}") = "GetUSN", "WinAPI\GetUSN\GetUSN.vcxproj", "{DDA62549-F85D-457E-B893-235B8D68D21B}"
EndProject
Project("{8BC9CEB8-8B4A-11D0-8D11-00A0C91BC942}") = "RenameLnk", "WinAPI\RenameLnk\RenameLnk.vcxproj", "{E3280294-ECC9-48F3-818C-9E127BCA79E7}"
EndProject
Project("{8BC9CEB8-8B4A-11D0-8D11-00A0C91BC942}") = "WmicGetProcess", "WinAPI\WmicGetProcess\WmicGetProcess.vcxproj", "{434646B8-BDD4-47AC-968C-9BCE1ABF83B7}"
EndProject
Project("{8BC9CEB8-8B4A-11D0-8D11-00A0C91BC942}") = "ShellExecute", "WinAPI\ShellExecute\ShellExecute.vcxproj", "{409435BB-E53A-4558-B87D-8A8E81A9BCA6}"
EndProject
Project("{8BC9CEB8-8B4A-11D0-8D11-00A0C91BC942}") = "GetChdFileByPath", "WinAPI\GetChdFileByPath\GetChdFileByPath.vcxproj", "{11936BBE-6D0D-4D31-A783-883244C51E00}"
EndProject
Project("{8BC9CEB8-8B4A-11D0-8D11-00A0C91BC942}") = "GetSysInfo", "WinAPI\GetSysInfo\GetSysInfo.vcxproj", "{34FDD128-355B-4257-8BDC-6A4189517799}"
EndProject
Project("{2150E333-8FDC-42A3-9474-1A3956D46DE8}") = "C", "C", "{BFB8B752-C1A1-4AE7-87B8-16F22A9A59E9}"
EndProject
Project("{8BC9CEB8-8B4A-11D0-8D11-00A0C91BC942}") = "ConvertFuncName", "C\ConvertFuncName\ConvertFuncName.vcxproj", "{06CEAA29-D3A3-4C39-9F2C-E0D1009DF904}"
EndProject
Project("{8BC9CEB8-8B4A-11D0-8D11-00A0C91BC942}") = "lambda", "C++\lambda\lambda.vcxproj", "{3A95D077-ABEB-4AA1-9567-4A0553574BB3}"
EndProject
Project("{8BC9CEB8-8B4A-11D0-8D11-00A0C91BC942}") = "functor", "C++\functor\functor.vcxproj", "{94406303-B125-4714-89D0-DA598E6D55E9}"
EndProject
Project("{8BC9CEB8-8B4A-11D0-8D11-00A0C91BC942}") = "CalculateSize", "C++\CalculateSize\CalculateSize.vcxproj", "{EF9DD0C1-2975-46CC-A79B-46B60DBF072A}"
EndProject
Project("{8BC9CEB8-8B4A-11D0-8D11-00A0C91BC942}") = "ClassInClass", "C++\ClassInClass\ClassInClass.vcxproj", "{CB08A48C-0B08-4D51-8DAA-93E3A926864C}"
EndProject
Project("{8BC9CEB8-8B4A-11D0-8D11-00A0C91BC942}") = "regex", "C++\regex\regex.vcxproj", "{B73E79A6-AD65-4652-A03D-525EF231909B}"
EndProject
Project("{8BC9CEB8-8B4A-11D0-8D11-00A0C91BC942}") = "time_t", "C++\time_t\time_t.vcxproj", "{99E3B80C-065F-4315-84AD-4424E933EAF8}"
EndProject
Project("{8BC9CEB8-8B4A-11D0-8D11-00A0C91BC942}") = "find_first_not_of", "C++\find_first_not_of\find_first_not_of.vcxproj", "{898D8F58-A72E-432E-AC89-F3FD1139E0A0}"
EndProject
Project("{8BC9CEB8-8B4A-11D0-8D11-00A0C91BC942}") = "bind", "C++\bind\bind.vcxproj", "{0E9631F9-0A40-42DC-9C4F-AFA1327D0E2A}"
EndProject
Project("{2150E333-8FDC-42A3-9474-1A3956D46DE8}") = "NetWork", "NetWork", "{6F51423A-1FEB-4498-8829-0D86980B87CF}"
EndProject
Project("{8BC9CEB8-8B4A-11D0-8D11-00A0C91BC942}") = "SimpleSocketClient", "NetWork\SimpleSocketClient\SimpleSocketClient.vcxproj", "{C64D339C-9284-46FF-A8CC-9A551B1259E5}"
EndProject
Project("{8BC9CEB8-8B4A-11D0-8D11-00A0C91BC942}") = "SimpleSocketServer", "NetWork\SimpleSocketServer\SimpleSocketServer.vcxproj", "{0D62336F-706C-4FA4-B285-4FECE94EE6AE}"
EndProject
Project("{2150E333-8FDC-42A3-9474-1A3956D46DE8}") = "Socket", "Socket", "{D510B663-D4A6-4EBF-9302-10060B713279}"
EndProject
Project("{2150E333-8FDC-42A3-9474-1A3956D46DE8}") = "libevent", "libevent", "{FD16464C-E434-4454-8659-45403ADC314E}"
EndProject
Project("{2150E333-8FDC-42A3-9474-1A3956D46DE8}") = "openssl", "openssl", "{F274C592-92DA-42A6-BCAF-698721D2B1A1}"
EndProject
Project("{8BC9CEB8-8B4A-11D0-8D11-00A0C91BC942}") = "sha256", "sha256\sha256.vcxproj", "{D2D80CB4-88BD-4CFC-9213-A9920B0707C2}"
EndProject
Project("{2150E333-8FDC-42A3-9474-1A3956D46DE8}") = "RPC", "RPC", "{D1D42CDE-6F5B-42D7-AB9E-B62029EB7247}"
EndProject
Project("{8BC9CEB8-8B4A-11D0-8D11-00A0C91BC942}") = "Client", "RPC\RPCDemo\Client\Client.vcxproj", "{409F6F09-C9DC-4F17-A78D-2FFC37E99DEC}"
EndProject
Project("{8BC9CEB8-8B4A-11D0-8D11-00A0C91BC942}") = "RpcComplier", "RPC\RPCDemo\RpcComplier\RpcComplier.vcxproj", "{0E0A198D-1490-48D6-A148-FA9711F7DDF1}"
EndProject
Project("{8BC9CEB8-8B4A-11D0-8D11-00A0C91BC942}") = "Server", "RPC\RPCDemo\Server\Server.vcxproj", "{2B18204E-532C-49CB-91DA-EC881B38318A}"
EndProject
Project("{2150E333-8FDC-42A3-9474-1A3956D46DE8}") = "File", "File", "{18D7B30F-09F9-4877-A223-D768461F8540}"
EndProject
Project("{2150E333-8FDC-42A3-9474-1A3956D46DE8}") = "Driver", "Driver", "{1A19A677-F5F0-44C1-B605-622C2FB6206D}"
EndProject
Project("{2150E333-8FDC-42A3-9474-1A3956D46DE8}") = "Semaphore", "Semaphore", "{97863DFD-DDFF-474F-942F-03C68CF16A9D}"
EndProject
Project("{8BC9CEB8-8B4A-11D0-8D11-00A0C91BC942}") = "GetPEB", "ntdll\GetPEB\GetPEB.vcxproj", "{0852A7DB-9078-4886-BEED-853CBE56659F}"
EndProject
Project("{2150E333-8FDC-42A3-9474-1A3956D46DE8}") = "crypto", "crypto", "{C03CC464-9E30-4BDD-B034-47A16F00E03C}"
EndProject
Project("{2150E333-8FDC-42A3-9474-1A3956D46DE8}") = "ntdll", "ntdll", "{0F2DD44A-E423-4ED7-B370-7DD89421DB09}"
EndProject
Project("{8BC9CEB8-8B4A-11D0-8D11-00A0C91BC942}") = "MasqueradePEBtoCopyfile", "ntdll\MasqueradePEBtoCopyfile\MasqueradePEBtoCopyfile\MasqueradePEBtoCopyfile.vcxproj", "{773B719A-15FC-4903-AF74-0681DFE640ED}"
EndProject
Project("{8BC9CEB8-8B4A-11D0-8D11-00A0C91BC942}") = "GetTableEntry", "Driver\GetTableEntry\GetTableEntry\GetTableEntry.vcxproj", "{071588C8-7A9D-496A-8C87-550942719BEC}"
EndProject
Project("{8BC9CEB8-8B4A-11D0-8D11-00A0C91BC942}") = "DriverHelloWorld", "Driver\DriverHelloWorld\DriverHelloWorld.vcxproj", "{DC0D1FC5-A166-4C86-A2F4-D7462C0BCECA}"
EndProject
Project("{2150E333-8FDC-42A3-9474-1A3956D46DE8}") = "kernel32", "kernel32", "{0151DC3C-D4C1-470A-B474-52A12199E7D9}"
EndProject
Project("{8BC9CEB8-8B4A-11D0-8D11-00A0C91BC942}") = "DllInject", "kernel32\DLLInject\DllInject\DllInject.vcxproj", "{579F1CD4-EB67-48BB-8E23-76D9159C727E}"
EndProject
Project("{8BC9CEB8-8B4A-11D0-8D11-00A0C91BC942}") = "SimpleDll", "kernel32\SimpleDll\SimpleDll.vcxproj", "{91A532B3-4DB1-42AD-8F95-19DD36A2ED0B}"
EndProject
Project("{8BC9CEB8-8B4A-11D0-8D11-00A0C91BC942}") = "CmdLineDesensization", "Solution\CmdLineDesensization\CmdLineDesensization.vcxproj", "{4F3E3BFA-E570-4983-8ED3-6DC726E17346}"
EndProject
Project("{8BC9CEB8-8B4A-11D0-8D11-00A0C91BC942}") = "UpdateDatabase", "Solution\UpdateDatabase\UpdateDatabase.vcxproj", "{9390FAA8-DB0A-4E95-AE16-679575EDD611}"
EndProject
Project("{8BC9CEB8-8B4A-11D0-8D11-00A0C91BC942}") = "vldforptr", "Solution\vldforptr\vldforptr.vcxproj", "{5820C11B-A6A5-4B2E-BBAC-B0C3A45512B6}"
EndProject
Project("{8BC9CEB8-8B4A-11D0-8D11-00A0C91BC942}") = "GetProceccEnv", "ntdll\GetProceccEnv\GetProceccEnv.vcxproj", "{66A5C240-EF03-40A1-952E-0A7210B4C931}"
EndProject
Project("{8BC9CEB8-8B4A-11D0-8D11-00A0C91BC942}") = "GetFreePort", "NetWork\GetFreePort\GetFreePort.vcxproj", "{5320500A-D932-456D-89AB-6EB379199B26}"
EndProject
Project("{8BC9CEB8-8B4A-11D0-8D11-00A0C91BC942}") = "Test_Semaphore_C", "WinAPI\Test_Semaphore_C\Test_Semaphore_C.vcxproj", "{C01BDFC1-36E7-4EF4-9C82-AA090C3ED052}"
EndProject
Project("{8BC9CEB8-8B4A-11D0-8D11-00A0C91BC942}") = "Test_Semaphore_D", "WinAPI\Test_Semaphore_D\Test_Semaphore_D.vcxproj", "{4D132D90-BEFA-4103-8DB6-F209F542A6A1}"
EndProject
Project("{8BC9CEB8-8B4A-11D0-8D11-00A0C91BC942}") = "ReadFile", "WinAPI\ReadFile\ReadFile.vcxproj", "{30690CB2-01D5-45D3-ACFE-2B0B6C8AF527}"
EndProject
Project("{8BC9CEB8-8B4A-11D0-8D11-00A0C91BC942}") = "PathFindOnPath", "WinAPI\PathFindOnPath\PathFindOnPath.vcxproj", "{17FF6F1B-423B-4641-9CF9-AB3CD0CBE0B4}"
EndProject
Project("{8BC9CEB8-8B4A-11D0-8D11-00A0C91BC942}") = "multimap", "STL\multimap\multimap.vcxproj", "{A543E125-AD33-40E5-9054-0B7E15A4C860}"
EndProject
Project("{8BC9CEB8-8B4A-11D0-8D11-00A0C91BC942}") = "DecryptAES256", "Crypto\DecryptAES256\DecryptAES256.vcxproj", "{862821A1-C15D-4AC1-A98C-FE4259B2D5F3}"
EndProject
Project("{8BC9CEB8-8B4A-11D0-8D11-00A0C91BC942}") = "DecryptAES", "Crypto\DecryptAES\DecryptAES.vcxproj", "{6E048E00-072C-40A2-9E60-20F5B4DD644C}"
EndProject
Project("{8BC9CEB8-8B4A-11D0-8D11-00A0C91BC942}") = "SimpleAPICollect", "WinAPI\SimpleAPICollect\SimpleAPICollect\SimpleAPICollect.vcxproj", "{2E877B4F-7351-4346-BEE7-32C8A92740ED}"
EndProject
Project("{8BC9CEB8-8B4A-11D0-8D11-00A0C91BC942}") = "future", "C++\future\future\future.vcxproj", "{E3D9C88D-588D-4ED6-941E-A0049780EF7D}"
EndProject
Global
	GlobalSection(SolutionConfigurationPlatforms) = preSolution
		Debug|ARM64 = Debug|ARM64
		Debug|x64 = Debug|x64
		Debug|x86 = Debug|x86
		Release|ARM64 = Release|ARM64
		Release|x64 = Release|x64
		Release|x86 = Release|x86
	EndGlobalSection
	GlobalSection(ProjectConfigurationPlatforms) = postSolution
		{9D2B39F7-9B48-49A8-BF77-A386ADD0A806}.Debug|ARM64.ActiveCfg = Debug|x64
		{9D2B39F7-9B48-49A8-BF77-A386ADD0A806}.Debug|ARM64.Build.0 = Debug|x64
		{9D2B39F7-9B48-49A8-BF77-A386ADD0A806}.Debug|x64.ActiveCfg = Debug|x64
		{9D2B39F7-9B48-49A8-BF77-A386ADD0A806}.Debug|x64.Build.0 = Debug|x64
		{9D2B39F7-9B48-49A8-BF77-A386ADD0A806}.Debug|x86.ActiveCfg = Debug|Win32
		{9D2B39F7-9B48-49A8-BF77-A386ADD0A806}.Debug|x86.Build.0 = Debug|Win32
		{9D2B39F7-9B48-49A8-BF77-A386ADD0A806}.Release|ARM64.ActiveCfg = Release|x64
		{9D2B39F7-9B48-49A8-BF77-A386ADD0A806}.Release|ARM64.Build.0 = Release|x64
		{9D2B39F7-9B48-49A8-BF77-A386ADD0A806}.Release|x64.ActiveCfg = Release|x64
		{9D2B39F7-9B48-49A8-BF77-A386ADD0A806}.Release|x64.Build.0 = Release|x64
		{9D2B39F7-9B48-49A8-BF77-A386ADD0A806}.Release|x86.ActiveCfg = Release|Win32
		{9D2B39F7-9B48-49A8-BF77-A386ADD0A806}.Release|x86.Build.0 = Release|Win32
		{EE9E9D6E-BE7C-4465-9100-39A2546D882C}.Debug|ARM64.ActiveCfg = Debug|x64
		{EE9E9D6E-BE7C-4465-9100-39A2546D882C}.Debug|ARM64.Build.0 = Debug|x64
		{EE9E9D6E-BE7C-4465-9100-39A2546D882C}.Debug|x64.ActiveCfg = Debug|x64
		{EE9E9D6E-BE7C-4465-9100-39A2546D882C}.Debug|x64.Build.0 = Debug|x64
		{EE9E9D6E-BE7C-4465-9100-39A2546D882C}.Debug|x86.ActiveCfg = Debug|Win32
		{EE9E9D6E-BE7C-4465-9100-39A2546D882C}.Debug|x86.Build.0 = Debug|Win32
		{EE9E9D6E-BE7C-4465-9100-39A2546D882C}.Release|ARM64.ActiveCfg = Release|x64
		{EE9E9D6E-BE7C-4465-9100-39A2546D882C}.Release|ARM64.Build.0 = Release|x64
		{EE9E9D6E-BE7C-4465-9100-39A2546D882C}.Release|x64.ActiveCfg = Release|x64
		{EE9E9D6E-BE7C-4465-9100-39A2546D882C}.Release|x64.Build.0 = Release|x64
		{EE9E9D6E-BE7C-4465-9100-39A2546D882C}.Release|x86.ActiveCfg = Release|Win32
		{EE9E9D6E-BE7C-4465-9100-39A2546D882C}.Release|x86.Build.0 = Release|Win32
		{D6930701-A16C-47B9-BA39-3D841CEBD5F7}.Debug|ARM64.ActiveCfg = Debug|x64
		{D6930701-A16C-47B9-BA39-3D841CEBD5F7}.Debug|ARM64.Build.0 = Debug|x64
		{D6930701-A16C-47B9-BA39-3D841CEBD5F7}.Debug|x64.ActiveCfg = Debug|x64
		{D6930701-A16C-47B9-BA39-3D841CEBD5F7}.Debug|x64.Build.0 = Debug|x64
		{D6930701-A16C-47B9-BA39-3D841CEBD5F7}.Debug|x86.ActiveCfg = Debug|Win32
		{D6930701-A16C-47B9-BA39-3D841CEBD5F7}.Debug|x86.Build.0 = Debug|Win32
		{D6930701-A16C-47B9-BA39-3D841CEBD5F7}.Release|ARM64.ActiveCfg = Release|x64
		{D6930701-A16C-47B9-BA39-3D841CEBD5F7}.Release|ARM64.Build.0 = Release|x64
		{D6930701-A16C-47B9-BA39-3D841CEBD5F7}.Release|x64.ActiveCfg = Release|x64
		{D6930701-A16C-47B9-BA39-3D841CEBD5F7}.Release|x64.Build.0 = Release|x64
		{D6930701-A16C-47B9-BA39-3D841CEBD5F7}.Release|x86.ActiveCfg = Release|Win32
		{D6930701-A16C-47B9-BA39-3D841CEBD5F7}.Release|x86.Build.0 = Release|Win32
		{DB11B189-3D21-4292-9C84-780F2BB3D007}.Debug|ARM64.ActiveCfg = Debug|x64
		{DB11B189-3D21-4292-9C84-780F2BB3D007}.Debug|ARM64.Build.0 = Debug|x64
		{DB11B189-3D21-4292-9C84-780F2BB3D007}.Debug|x64.ActiveCfg = Debug|x64
		{DB11B189-3D21-4292-9C84-780F2BB3D007}.Debug|x64.Build.0 = Debug|x64
		{DB11B189-3D21-4292-9C84-780F2BB3D007}.Debug|x86.ActiveCfg = Debug|Win32
		{DB11B189-3D21-4292-9C84-780F2BB3D007}.Debug|x86.Build.0 = Debug|Win32
		{DB11B189-3D21-4292-9C84-780F2BB3D007}.Release|ARM64.ActiveCfg = Release|x64
		{DB11B189-3D21-4292-9C84-780F2BB3D007}.Release|ARM64.Build.0 = Release|x64
		{DB11B189-3D21-4292-9C84-780F2BB3D007}.Release|x64.ActiveCfg = Release|x64
		{DB11B189-3D21-4292-9C84-780F2BB3D007}.Release|x64.Build.0 = Release|x64
		{DB11B189-3D21-4292-9C84-780F2BB3D007}.Release|x86.ActiveCfg = Release|Win32
		{DB11B189-3D21-4292-9C84-780F2BB3D007}.Release|x86.Build.0 = Release|Win32
		{E4F452D2-4EC2-4D45-8C42-6D5BC935047E}.Debug|ARM64.ActiveCfg = Debug|x64
		{E4F452D2-4EC2-4D45-8C42-6D5BC935047E}.Debug|ARM64.Build.0 = Debug|x64
		{E4F452D2-4EC2-4D45-8C42-6D5BC935047E}.Debug|x64.ActiveCfg = Debug|x64
		{E4F452D2-4EC2-4D45-8C42-6D5BC935047E}.Debug|x64.Build.0 = Debug|x64
		{E4F452D2-4EC2-4D45-8C42-6D5BC935047E}.Debug|x86.ActiveCfg = Debug|Win32
		{E4F452D2-4EC2-4D45-8C42-6D5BC935047E}.Debug|x86.Build.0 = Debug|Win32
		{E4F452D2-4EC2-4D45-8C42-6D5BC935047E}.Release|ARM64.ActiveCfg = Release|x64
		{E4F452D2-4EC2-4D45-8C42-6D5BC935047E}.Release|ARM64.Build.0 = Release|x64
		{E4F452D2-4EC2-4D45-8C42-6D5BC935047E}.Release|x64.ActiveCfg = Release|x64
		{E4F452D2-4EC2-4D45-8C42-6D5BC935047E}.Release|x64.Build.0 = Release|x64
		{E4F452D2-4EC2-4D45-8C42-6D5BC935047E}.Release|x86.ActiveCfg = Release|Win32
		{E4F452D2-4EC2-4D45-8C42-6D5BC935047E}.Release|x86.Build.0 = Release|Win32
		{A73397F5-C46C-4BDE-B63F-936BFDD89CA1}.Debug|ARM64.ActiveCfg = Debug|x64
		{A73397F5-C46C-4BDE-B63F-936BFDD89CA1}.Debug|ARM64.Build.0 = Debug|x64
		{A73397F5-C46C-4BDE-B63F-936BFDD89CA1}.Debug|x64.ActiveCfg = Debug|x64
		{A73397F5-C46C-4BDE-B63F-936BFDD89CA1}.Debug|x64.Build.0 = Debug|x64
		{A73397F5-C46C-4BDE-B63F-936BFDD89CA1}.Debug|x86.ActiveCfg = Debug|Win32
		{A73397F5-C46C-4BDE-B63F-936BFDD89CA1}.Debug|x86.Build.0 = Debug|Win32
		{A73397F5-C46C-4BDE-B63F-936BFDD89CA1}.Release|ARM64.ActiveCfg = Release|x64
		{A73397F5-C46C-4BDE-B63F-936BFDD89CA1}.Release|ARM64.Build.0 = Release|x64
		{A73397F5-C46C-4BDE-B63F-936BFDD89CA1}.Release|x64.ActiveCfg = Release|x64
		{A73397F5-C46C-4BDE-B63F-936BFDD89CA1}.Release|x64.Build.0 = Release|x64
		{A73397F5-C46C-4BDE-B63F-936BFDD89CA1}.Release|x86.ActiveCfg = Release|Win32
		{A73397F5-C46C-4BDE-B63F-936BFDD89CA1}.Release|x86.Build.0 = Release|Win32
		{8CA2D135-44F4-4349-B15A-4ABF92477708}.Debug|ARM64.ActiveCfg = Debug|x64
		{8CA2D135-44F4-4349-B15A-4ABF92477708}.Debug|ARM64.Build.0 = Debug|x64
		{8CA2D135-44F4-4349-B15A-4ABF92477708}.Debug|x64.ActiveCfg = Debug|x64
		{8CA2D135-44F4-4349-B15A-4ABF92477708}.Debug|x64.Build.0 = Debug|x64
		{8CA2D135-44F4-4349-B15A-4ABF92477708}.Debug|x86.ActiveCfg = Debug|Win32
		{8CA2D135-44F4-4349-B15A-4ABF92477708}.Debug|x86.Build.0 = Debug|Win32
		{8CA2D135-44F4-4349-B15A-4ABF92477708}.Release|ARM64.ActiveCfg = Release|x64
		{8CA2D135-44F4-4349-B15A-4ABF92477708}.Release|ARM64.Build.0 = Release|x64
		{8CA2D135-44F4-4349-B15A-4ABF92477708}.Release|x64.ActiveCfg = Release|x64
		{8CA2D135-44F4-4349-B15A-4ABF92477708}.Release|x64.Build.0 = Release|x64
		{8CA2D135-44F4-4349-B15A-4ABF92477708}.Release|x86.ActiveCfg = Release|Win32
		{8CA2D135-44F4-4349-B15A-4ABF92477708}.Release|x86.Build.0 = Release|Win32
		{E47B59AE-6BFB-453E-8889-D0C932F7154D}.Debug|ARM64.ActiveCfg = Debug|x64
		{E47B59AE-6BFB-453E-8889-D0C932F7154D}.Debug|ARM64.Build.0 = Debug|x64
		{E47B59AE-6BFB-453E-8889-D0C932F7154D}.Debug|x64.ActiveCfg = Debug|x64
		{E47B59AE-6BFB-453E-8889-D0C932F7154D}.Debug|x64.Build.0 = Debug|x64
		{E47B59AE-6BFB-453E-8889-D0C932F7154D}.Debug|x86.ActiveCfg = Debug|Win32
		{E47B59AE-6BFB-453E-8889-D0C932F7154D}.Debug|x86.Build.0 = Debug|Win32
		{E47B59AE-6BFB-453E-8889-D0C932F7154D}.Release|ARM64.ActiveCfg = Release|x64
		{E47B59AE-6BFB-453E-8889-D0C932F7154D}.Release|ARM64.Build.0 = Release|x64
		{E47B59AE-6BFB-453E-8889-D0C932F7154D}.Release|x64.ActiveCfg = Release|x64
		{E47B59AE-6BFB-453E-8889-D0C932F7154D}.Release|x64.Build.0 = Release|x64
		{E47B59AE-6BFB-453E-8889-D0C932F7154D}.Release|x86.ActiveCfg = Release|Win32
		{E47B59AE-6BFB-453E-8889-D0C932F7154D}.Release|x86.Build.0 = Release|Win32
		{6EFFAAD0-CB86-440B-B8B1-3FC14FEE1C80}.Debug|ARM64.ActiveCfg = Debug|x64
		{6EFFAAD0-CB86-440B-B8B1-3FC14FEE1C80}.Debug|ARM64.Build.0 = Debug|x64
		{6EFFAAD0-CB86-440B-B8B1-3FC14FEE1C80}.Debug|x64.ActiveCfg = Debug|x64
		{6EFFAAD0-CB86-440B-B8B1-3FC14FEE1C80}.Debug|x64.Build.0 = Debug|x64
		{6EFFAAD0-CB86-440B-B8B1-3FC14FEE1C80}.Debug|x86.ActiveCfg = Debug|Win32
		{6EFFAAD0-CB86-440B-B8B1-3FC14FEE1C80}.Debug|x86.Build.0 = Debug|Win32
		{6EFFAAD0-CB86-440B-B8B1-3FC14FEE1C80}.Release|ARM64.ActiveCfg = Release|x64
		{6EFFAAD0-CB86-440B-B8B1-3FC14FEE1C80}.Release|ARM64.Build.0 = Release|x64
		{6EFFAAD0-CB86-440B-B8B1-3FC14FEE1C80}.Release|x64.ActiveCfg = Release|x64
		{6EFFAAD0-CB86-440B-B8B1-3FC14FEE1C80}.Release|x64.Build.0 = Release|x64
		{6EFFAAD0-CB86-440B-B8B1-3FC14FEE1C80}.Release|x86.ActiveCfg = Release|Win32
		{6EFFAAD0-CB86-440B-B8B1-3FC14FEE1C80}.Release|x86.Build.0 = Release|Win32
		{56E9F1D1-3584-4D08-9F33-FA53AFCD404E}.Debug|ARM64.ActiveCfg = Debug|x64
		{56E9F1D1-3584-4D08-9F33-FA53AFCD404E}.Debug|ARM64.Build.0 = Debug|x64
		{56E9F1D1-3584-4D08-9F33-FA53AFCD404E}.Debug|x64.ActiveCfg = Debug|x64
		{56E9F1D1-3584-4D08-9F33-FA53AFCD404E}.Debug|x64.Build.0 = Debug|x64
		{56E9F1D1-3584-4D08-9F33-FA53AFCD404E}.Debug|x86.ActiveCfg = Debug|Win32
		{56E9F1D1-3584-4D08-9F33-FA53AFCD404E}.Debug|x86.Build.0 = Debug|Win32
		{56E9F1D1-3584-4D08-9F33-FA53AFCD404E}.Release|ARM64.ActiveCfg = Release|x64
		{56E9F1D1-3584-4D08-9F33-FA53AFCD404E}.Release|ARM64.Build.0 = Release|x64
		{56E9F1D1-3584-4D08-9F33-FA53AFCD404E}.Release|x64.ActiveCfg = Release|x64
		{56E9F1D1-3584-4D08-9F33-FA53AFCD404E}.Release|x64.Build.0 = Release|x64
		{56E9F1D1-3584-4D08-9F33-FA53AFCD404E}.Release|x86.ActiveCfg = Release|Win32
		{56E9F1D1-3584-4D08-9F33-FA53AFCD404E}.Release|x86.Build.0 = Release|Win32
		{5D92115B-0F5D-457F-B926-3CA969CB9B64}.Debug|ARM64.ActiveCfg = Debug|x64
		{5D92115B-0F5D-457F-B926-3CA969CB9B64}.Debug|ARM64.Build.0 = Debug|x64
		{5D92115B-0F5D-457F-B926-3CA969CB9B64}.Debug|x64.ActiveCfg = Debug|x64
		{5D92115B-0F5D-457F-B926-3CA969CB9B64}.Debug|x64.Build.0 = Debug|x64
		{5D92115B-0F5D-457F-B926-3CA969CB9B64}.Debug|x86.ActiveCfg = Debug|Win32
		{5D92115B-0F5D-457F-B926-3CA969CB9B64}.Debug|x86.Build.0 = Debug|Win32
		{5D92115B-0F5D-457F-B926-3CA969CB9B64}.Release|ARM64.ActiveCfg = Release|x64
		{5D92115B-0F5D-457F-B926-3CA969CB9B64}.Release|ARM64.Build.0 = Release|x64
		{5D92115B-0F5D-457F-B926-3CA969CB9B64}.Release|x64.ActiveCfg = Release|x64
		{5D92115B-0F5D-457F-B926-3CA969CB9B64}.Release|x64.Build.0 = Release|x64
		{5D92115B-0F5D-457F-B926-3CA969CB9B64}.Release|x86.ActiveCfg = Release|Win32
		{5D92115B-0F5D-457F-B926-3CA969CB9B64}.Release|x86.Build.0 = Release|Win32
		{7BC0A987-0EC4-4563-A14C-BCB935F1DD54}.Debug|ARM64.ActiveCfg = Debug|x64
		{7BC0A987-0EC4-4563-A14C-BCB935F1DD54}.Debug|ARM64.Build.0 = Debug|x64
		{7BC0A987-0EC4-4563-A14C-BCB935F1DD54}.Debug|x64.ActiveCfg = Debug|x64
		{7BC0A987-0EC4-4563-A14C-BCB935F1DD54}.Debug|x64.Build.0 = Debug|x64
		{7BC0A987-0EC4-4563-A14C-BCB935F1DD54}.Debug|x86.ActiveCfg = Debug|Win32
		{7BC0A987-0EC4-4563-A14C-BCB935F1DD54}.Debug|x86.Build.0 = Debug|Win32
		{7BC0A987-0EC4-4563-A14C-BCB935F1DD54}.Release|ARM64.ActiveCfg = Release|x64
		{7BC0A987-0EC4-4563-A14C-BCB935F1DD54}.Release|ARM64.Build.0 = Release|x64
		{7BC0A987-0EC4-4563-A14C-BCB935F1DD54}.Release|x64.ActiveCfg = Release|x64
		{7BC0A987-0EC4-4563-A14C-BCB935F1DD54}.Release|x64.Build.0 = Release|x64
		{7BC0A987-0EC4-4563-A14C-BCB935F1DD54}.Release|x86.ActiveCfg = Release|Win32
		{7BC0A987-0EC4-4563-A14C-BCB935F1DD54}.Release|x86.Build.0 = Release|Win32
		{DDA62549-F85D-457E-B893-235B8D68D21B}.Debug|ARM64.ActiveCfg = Debug|x64
		{DDA62549-F85D-457E-B893-235B8D68D21B}.Debug|ARM64.Build.0 = Debug|x64
		{DDA62549-F85D-457E-B893-235B8D68D21B}.Debug|x64.ActiveCfg = Debug|x64
		{DDA62549-F85D-457E-B893-235B8D68D21B}.Debug|x64.Build.0 = Debug|x64
		{DDA62549-F85D-457E-B893-235B8D68D21B}.Debug|x86.ActiveCfg = Debug|Win32
		{DDA62549-F85D-457E-B893-235B8D68D21B}.Debug|x86.Build.0 = Debug|Win32
		{DDA62549-F85D-457E-B893-235B8D68D21B}.Release|ARM64.ActiveCfg = Release|x64
		{DDA62549-F85D-457E-B893-235B8D68D21B}.Release|ARM64.Build.0 = Release|x64
		{DDA62549-F85D-457E-B893-235B8D68D21B}.Release|x64.ActiveCfg = Release|x64
		{DDA62549-F85D-457E-B893-235B8D68D21B}.Release|x64.Build.0 = Release|x64
		{DDA62549-F85D-457E-B893-235B8D68D21B}.Release|x86.ActiveCfg = Release|Win32
		{DDA62549-F85D-457E-B893-235B8D68D21B}.Release|x86.Build.0 = Release|Win32
		{E3280294-ECC9-48F3-818C-9E127BCA79E7}.Debug|ARM64.ActiveCfg = Debug|x64
		{E3280294-ECC9-48F3-818C-9E127BCA79E7}.Debug|ARM64.Build.0 = Debug|x64
		{E3280294-ECC9-48F3-818C-9E127BCA79E7}.Debug|x64.ActiveCfg = Debug|x64
		{E3280294-ECC9-48F3-818C-9E127BCA79E7}.Debug|x64.Build.0 = Debug|x64
		{E3280294-ECC9-48F3-818C-9E127BCA79E7}.Debug|x86.ActiveCfg = Debug|Win32
		{E3280294-ECC9-48F3-818C-9E127BCA79E7}.Debug|x86.Build.0 = Debug|Win32
		{E3280294-ECC9-48F3-818C-9E127BCA79E7}.Release|ARM64.ActiveCfg = Release|x64
		{E3280294-ECC9-48F3-818C-9E127BCA79E7}.Release|ARM64.Build.0 = Release|x64
		{E3280294-ECC9-48F3-818C-9E127BCA79E7}.Release|x64.ActiveCfg = Release|x64
		{E3280294-ECC9-48F3-818C-9E127BCA79E7}.Release|x64.Build.0 = Release|x64
		{E3280294-ECC9-48F3-818C-9E127BCA79E7}.Release|x86.ActiveCfg = Release|Win32
		{E3280294-ECC9-48F3-818C-9E127BCA79E7}.Release|x86.Build.0 = Release|Win32
		{434646B8-BDD4-47AC-968C-9BCE1ABF83B7}.Debug|ARM64.ActiveCfg = Debug|x64
		{434646B8-BDD4-47AC-968C-9BCE1ABF83B7}.Debug|ARM64.Build.0 = Debug|x64
		{434646B8-BDD4-47AC-968C-9BCE1ABF83B7}.Debug|x64.ActiveCfg = Debug|x64
		{434646B8-BDD4-47AC-968C-9BCE1ABF83B7}.Debug|x64.Build.0 = Debug|x64
		{434646B8-BDD4-47AC-968C-9BCE1ABF83B7}.Debug|x86.ActiveCfg = Debug|Win32
		{434646B8-BDD4-47AC-968C-9BCE1ABF83B7}.Debug|x86.Build.0 = Debug|Win32
		{434646B8-BDD4-47AC-968C-9BCE1ABF83B7}.Release|ARM64.ActiveCfg = Release|x64
		{434646B8-BDD4-47AC-968C-9BCE1ABF83B7}.Release|ARM64.Build.0 = Release|x64
		{434646B8-BDD4-47AC-968C-9BCE1ABF83B7}.Release|x64.ActiveCfg = Release|x64
		{434646B8-BDD4-47AC-968C-9BCE1ABF83B7}.Release|x64.Build.0 = Release|x64
		{434646B8-BDD4-47AC-968C-9BCE1ABF83B7}.Release|x86.ActiveCfg = Release|Win32
		{434646B8-BDD4-47AC-968C-9BCE1ABF83B7}.Release|x86.Build.0 = Release|Win32
		{409435BB-E53A-4558-B87D-8A8E81A9BCA6}.Debug|ARM64.ActiveCfg = Debug|x64
		{409435BB-E53A-4558-B87D-8A8E81A9BCA6}.Debug|ARM64.Build.0 = Debug|x64
		{409435BB-E53A-4558-B87D-8A8E81A9BCA6}.Debug|x64.ActiveCfg = Debug|x64
		{409435BB-E53A-4558-B87D-8A8E81A9BCA6}.Debug|x64.Build.0 = Debug|x64
		{409435BB-E53A-4558-B87D-8A8E81A9BCA6}.Debug|x86.ActiveCfg = Debug|Win32
		{409435BB-E53A-4558-B87D-8A8E81A9BCA6}.Debug|x86.Build.0 = Debug|Win32
		{409435BB-E53A-4558-B87D-8A8E81A9BCA6}.Release|ARM64.ActiveCfg = Release|x64
		{409435BB-E53A-4558-B87D-8A8E81A9BCA6}.Release|ARM64.Build.0 = Release|x64
		{409435BB-E53A-4558-B87D-8A8E81A9BCA6}.Release|x64.ActiveCfg = Release|x64
		{409435BB-E53A-4558-B87D-8A8E81A9BCA6}.Release|x64.Build.0 = Release|x64
		{409435BB-E53A-4558-B87D-8A8E81A9BCA6}.Release|x86.ActiveCfg = Release|Win32
		{409435BB-E53A-4558-B87D-8A8E81A9BCA6}.Release|x86.Build.0 = Release|Win32
		{11936BBE-6D0D-4D31-A783-883244C51E00}.Debug|ARM64.ActiveCfg = Debug|x64
		{11936BBE-6D0D-4D31-A783-883244C51E00}.Debug|ARM64.Build.0 = Debug|x64
		{11936BBE-6D0D-4D31-A783-883244C51E00}.Debug|x64.ActiveCfg = Debug|x64
		{11936BBE-6D0D-4D31-A783-883244C51E00}.Debug|x64.Build.0 = Debug|x64
		{11936BBE-6D0D-4D31-A783-883244C51E00}.Debug|x86.ActiveCfg = Debug|Win32
		{11936BBE-6D0D-4D31-A783-883244C51E00}.Debug|x86.Build.0 = Debug|Win32
		{11936BBE-6D0D-4D31-A783-883244C51E00}.Release|ARM64.ActiveCfg = Release|x64
		{11936BBE-6D0D-4D31-A783-883244C51E00}.Release|ARM64.Build.0 = Release|x64
		{11936BBE-6D0D-4D31-A783-883244C51E00}.Release|x64.ActiveCfg = Release|x64
		{11936BBE-6D0D-4D31-A783-883244C51E00}.Release|x64.Build.0 = Release|x64
		{11936BBE-6D0D-4D31-A783-883244C51E00}.Release|x86.ActiveCfg = Release|Win32
		{11936BBE-6D0D-4D31-A783-883244C51E00}.Release|x86.Build.0 = Release|Win32
		{34FDD128-355B-4257-8BDC-6A4189517799}.Debug|ARM64.ActiveCfg = Debug|x64
		{34FDD128-355B-4257-8BDC-6A4189517799}.Debug|ARM64.Build.0 = Debug|x64
		{34FDD128-355B-4257-8BDC-6A4189517799}.Debug|x64.ActiveCfg = Debug|x64
		{34FDD128-355B-4257-8BDC-6A4189517799}.Debug|x64.Build.0 = Debug|x64
		{34FDD128-355B-4257-8BDC-6A4189517799}.Debug|x86.ActiveCfg = Debug|Win32
		{34FDD128-355B-4257-8BDC-6A4189517799}.Debug|x86.Build.0 = Debug|Win32
		{34FDD128-355B-4257-8BDC-6A4189517799}.Release|ARM64.ActiveCfg = Release|x64
		{34FDD128-355B-4257-8BDC-6A4189517799}.Release|ARM64.Build.0 = Release|x64
		{34FDD128-355B-4257-8BDC-6A4189517799}.Release|x64.ActiveCfg = Release|x64
		{34FDD128-355B-4257-8BDC-6A4189517799}.Release|x64.Build.0 = Release|x64
		{34FDD128-355B-4257-8BDC-6A4189517799}.Release|x86.ActiveCfg = Release|Win32
		{34FDD128-355B-4257-8BDC-6A4189517799}.Release|x86.Build.0 = Release|Win32
		{06CEAA29-D3A3-4C39-9F2C-E0D1009DF904}.Debug|ARM64.ActiveCfg = Debug|x64
		{06CEAA29-D3A3-4C39-9F2C-E0D1009DF904}.Debug|ARM64.Build.0 = Debug|x64
		{06CEAA29-D3A3-4C39-9F2C-E0D1009DF904}.Debug|x64.ActiveCfg = Debug|x64
		{06CEAA29-D3A3-4C39-9F2C-E0D1009DF904}.Debug|x64.Build.0 = Debug|x64
		{06CEAA29-D3A3-4C39-9F2C-E0D1009DF904}.Debug|x86.ActiveCfg = Debug|Win32
		{06CEAA29-D3A3-4C39-9F2C-E0D1009DF904}.Debug|x86.Build.0 = Debug|Win32
		{06CEAA29-D3A3-4C39-9F2C-E0D1009DF904}.Release|ARM64.ActiveCfg = Release|x64
		{06CEAA29-D3A3-4C39-9F2C-E0D1009DF904}.Release|ARM64.Build.0 = Release|x64
		{06CEAA29-D3A3-4C39-9F2C-E0D1009DF904}.Release|x64.ActiveCfg = Release|x64
		{06CEAA29-D3A3-4C39-9F2C-E0D1009DF904}.Release|x64.Build.0 = Release|x64
		{06CEAA29-D3A3-4C39-9F2C-E0D1009DF904}.Release|x86.ActiveCfg = Release|Win32
		{06CEAA29-D3A3-4C39-9F2C-E0D1009DF904}.Release|x86.Build.0 = Release|Win32
		{3A95D077-ABEB-4AA1-9567-4A0553574BB3}.Debug|ARM64.ActiveCfg = Debug|x64
		{3A95D077-ABEB-4AA1-9567-4A0553574BB3}.Debug|ARM64.Build.0 = Debug|x64
		{3A95D077-ABEB-4AA1-9567-4A0553574BB3}.Debug|x64.ActiveCfg = Debug|x64
		{3A95D077-ABEB-4AA1-9567-4A0553574BB3}.Debug|x64.Build.0 = Debug|x64
		{3A95D077-ABEB-4AA1-9567-4A0553574BB3}.Debug|x86.ActiveCfg = Debug|Win32
		{3A95D077-ABEB-4AA1-9567-4A0553574BB3}.Debug|x86.Build.0 = Debug|Win32
		{3A95D077-ABEB-4AA1-9567-4A0553574BB3}.Release|ARM64.ActiveCfg = Release|x64
		{3A95D077-ABEB-4AA1-9567-4A0553574BB3}.Release|ARM64.Build.0 = Release|x64
		{3A95D077-ABEB-4AA1-9567-4A0553574BB3}.Release|x64.ActiveCfg = Release|x64
		{3A95D077-ABEB-4AA1-9567-4A0553574BB3}.Release|x64.Build.0 = Release|x64
		{3A95D077-ABEB-4AA1-9567-4A0553574BB3}.Release|x86.ActiveCfg = Release|Win32
		{3A95D077-ABEB-4AA1-9567-4A0553574BB3}.Release|x86.Build.0 = Release|Win32
		{94406303-B125-4714-89D0-DA598E6D55E9}.Debug|ARM64.ActiveCfg = Debug|x64
		{94406303-B125-4714-89D0-DA598E6D55E9}.Debug|ARM64.Build.0 = Debug|x64
		{94406303-B125-4714-89D0-DA598E6D55E9}.Debug|x64.ActiveCfg = Debug|x64
		{94406303-B125-4714-89D0-DA598E6D55E9}.Debug|x64.Build.0 = Debug|x64
		{94406303-B125-4714-89D0-DA598E6D55E9}.Debug|x86.ActiveCfg = Debug|Win32
		{94406303-B125-4714-89D0-DA598E6D55E9}.Debug|x86.Build.0 = Debug|Win32
		{94406303-B125-4714-89D0-DA598E6D55E9}.Release|ARM64.ActiveCfg = Release|x64
		{94406303-B125-4714-89D0-DA598E6D55E9}.Release|ARM64.Build.0 = Release|x64
		{94406303-B125-4714-89D0-DA598E6D55E9}.Release|x64.ActiveCfg = Release|x64
		{94406303-B125-4714-89D0-DA598E6D55E9}.Release|x64.Build.0 = Release|x64
		{94406303-B125-4714-89D0-DA598E6D55E9}.Release|x86.ActiveCfg = Release|Win32
		{94406303-B125-4714-89D0-DA598E6D55E9}.Release|x86.Build.0 = Release|Win32
		{EF9DD0C1-2975-46CC-A79B-46B60DBF072A}.Debug|ARM64.ActiveCfg = Debug|x64
		{EF9DD0C1-2975-46CC-A79B-46B60DBF072A}.Debug|ARM64.Build.0 = Debug|x64
		{EF9DD0C1-2975-46CC-A79B-46B60DBF072A}.Debug|x64.ActiveCfg = Debug|x64
		{EF9DD0C1-2975-46CC-A79B-46B60DBF072A}.Debug|x64.Build.0 = Debug|x64
		{EF9DD0C1-2975-46CC-A79B-46B60DBF072A}.Debug|x86.ActiveCfg = Debug|Win32
		{EF9DD0C1-2975-46CC-A79B-46B60DBF072A}.Debug|x86.Build.0 = Debug|Win32
		{EF9DD0C1-2975-46CC-A79B-46B60DBF072A}.Release|ARM64.ActiveCfg = Release|x64
		{EF9DD0C1-2975-46CC-A79B-46B60DBF072A}.Release|ARM64.Build.0 = Release|x64
		{EF9DD0C1-2975-46CC-A79B-46B60DBF072A}.Release|x64.ActiveCfg = Release|x64
		{EF9DD0C1-2975-46CC-A79B-46B60DBF072A}.Release|x64.Build.0 = Release|x64
		{EF9DD0C1-2975-46CC-A79B-46B60DBF072A}.Release|x86.ActiveCfg = Release|Win32
		{EF9DD0C1-2975-46CC-A79B-46B60DBF072A}.Release|x86.Build.0 = Release|Win32
		{CB08A48C-0B08-4D51-8DAA-93E3A926864C}.Debug|ARM64.ActiveCfg = Debug|x64
		{CB08A48C-0B08-4D51-8DAA-93E3A926864C}.Debug|ARM64.Build.0 = Debug|x64
		{CB08A48C-0B08-4D51-8DAA-93E3A926864C}.Debug|x64.ActiveCfg = Debug|x64
		{CB08A48C-0B08-4D51-8DAA-93E3A926864C}.Debug|x64.Build.0 = Debug|x64
		{CB08A48C-0B08-4D51-8DAA-93E3A926864C}.Debug|x86.ActiveCfg = Debug|Win32
		{CB08A48C-0B08-4D51-8DAA-93E3A926864C}.Debug|x86.Build.0 = Debug|Win32
		{CB08A48C-0B08-4D51-8DAA-93E3A926864C}.Release|ARM64.ActiveCfg = Release|x64
		{CB08A48C-0B08-4D51-8DAA-93E3A926864C}.Release|ARM64.Build.0 = Release|x64
		{CB08A48C-0B08-4D51-8DAA-93E3A926864C}.Release|x64.ActiveCfg = Release|x64
		{CB08A48C-0B08-4D51-8DAA-93E3A926864C}.Release|x64.Build.0 = Release|x64
		{CB08A48C-0B08-4D51-8DAA-93E3A926864C}.Release|x86.ActiveCfg = Release|Win32
		{CB08A48C-0B08-4D51-8DAA-93E3A926864C}.Release|x86.Build.0 = Release|Win32
		{B73E79A6-AD65-4652-A03D-525EF231909B}.Debug|ARM64.ActiveCfg = Debug|x64
		{B73E79A6-AD65-4652-A03D-525EF231909B}.Debug|ARM64.Build.0 = Debug|x64
		{B73E79A6-AD65-4652-A03D-525EF231909B}.Debug|x64.ActiveCfg = Debug|x64
		{B73E79A6-AD65-4652-A03D-525EF231909B}.Debug|x64.Build.0 = Debug|x64
		{B73E79A6-AD65-4652-A03D-525EF231909B}.Debug|x86.ActiveCfg = Debug|Win32
		{B73E79A6-AD65-4652-A03D-525EF231909B}.Debug|x86.Build.0 = Debug|Win32
		{B73E79A6-AD65-4652-A03D-525EF231909B}.Release|ARM64.ActiveCfg = Release|x64
		{B73E79A6-AD65-4652-A03D-525EF231909B}.Release|ARM64.Build.0 = Release|x64
		{B73E79A6-AD65-4652-A03D-525EF231909B}.Release|x64.ActiveCfg = Release|x64
		{B73E79A6-AD65-4652-A03D-525EF231909B}.Release|x64.Build.0 = Release|x64
		{B73E79A6-AD65-4652-A03D-525EF231909B}.Release|x86.ActiveCfg = Release|Win32
		{B73E79A6-AD65-4652-A03D-525EF231909B}.Release|x86.Build.0 = Release|Win32
		{99E3B80C-065F-4315-84AD-4424E933EAF8}.Debug|ARM64.ActiveCfg = Debug|x64
		{99E3B80C-065F-4315-84AD-4424E933EAF8}.Debug|ARM64.Build.0 = Debug|x64
		{99E3B80C-065F-4315-84AD-4424E933EAF8}.Debug|x64.ActiveCfg = Debug|x64
		{99E3B80C-065F-4315-84AD-4424E933EAF8}.Debug|x64.Build.0 = Debug|x64
		{99E3B80C-065F-4315-84AD-4424E933EAF8}.Debug|x86.ActiveCfg = Debug|Win32
		{99E3B80C-065F-4315-84AD-4424E933EAF8}.Debug|x86.Build.0 = Debug|Win32
		{99E3B80C-065F-4315-84AD-4424E933EAF8}.Release|ARM64.ActiveCfg = Release|x64
		{99E3B80C-065F-4315-84AD-4424E933EAF8}.Release|ARM64.Build.0 = Release|x64
		{99E3B80C-065F-4315-84AD-4424E933EAF8}.Release|x64.ActiveCfg = Release|x64
		{99E3B80C-065F-4315-84AD-4424E933EAF8}.Release|x64.Build.0 = Release|x64
		{99E3B80C-065F-4315-84AD-4424E933EAF8}.Release|x86.ActiveCfg = Release|Win32
		{99E3B80C-065F-4315-84AD-4424E933EAF8}.Release|x86.Build.0 = Release|Win32
		{898D8F58-A72E-432E-AC89-F3FD1139E0A0}.Debug|ARM64.ActiveCfg = Debug|x64
		{898D8F58-A72E-432E-AC89-F3FD1139E0A0}.Debug|ARM64.Build.0 = Debug|x64
		{898D8F58-A72E-432E-AC89-F3FD1139E0A0}.Debug|x64.ActiveCfg = Debug|x64
		{898D8F58-A72E-432E-AC89-F3FD1139E0A0}.Debug|x64.Build.0 = Debug|x64
		{898D8F58-A72E-432E-AC89-F3FD1139E0A0}.Debug|x86.ActiveCfg = Debug|Win32
		{898D8F58-A72E-432E-AC89-F3FD1139E0A0}.Debug|x86.Build.0 = Debug|Win32
		{898D8F58-A72E-432E-AC89-F3FD1139E0A0}.Release|ARM64.ActiveCfg = Release|x64
		{898D8F58-A72E-432E-AC89-F3FD1139E0A0}.Release|ARM64.Build.0 = Release|x64
		{898D8F58-A72E-432E-AC89-F3FD1139E0A0}.Release|x64.ActiveCfg = Release|x64
		{898D8F58-A72E-432E-AC89-F3FD1139E0A0}.Release|x64.Build.0 = Release|x64
		{898D8F58-A72E-432E-AC89-F3FD1139E0A0}.Release|x86.ActiveCfg = Release|Win32
		{898D8F58-A72E-432E-AC89-F3FD1139E0A0}.Release|x86.Build.0 = Release|Win32
		{0E9631F9-0A40-42DC-9C4F-AFA1327D0E2A}.Debug|ARM64.ActiveCfg = Debug|x64
		{0E9631F9-0A40-42DC-9C4F-AFA1327D0E2A}.Debug|ARM64.Build.0 = Debug|x64
		{0E9631F9-0A40-42DC-9C4F-AFA1327D0E2A}.Debug|x64.ActiveCfg = Debug|x64
		{0E9631F9-0A40-42DC-9C4F-AFA1327D0E2A}.Debug|x64.Build.0 = Debug|x64
		{0E9631F9-0A40-42DC-9C4F-AFA1327D0E2A}.Debug|x86.ActiveCfg = Debug|Win32
		{0E9631F9-0A40-42DC-9C4F-AFA1327D0E2A}.Debug|x86.Build.0 = Debug|Win32
		{0E9631F9-0A40-42DC-9C4F-AFA1327D0E2A}.Release|ARM64.ActiveCfg = Release|x64
		{0E9631F9-0A40-42DC-9C4F-AFA1327D0E2A}.Release|ARM64.Build.0 = Release|x64
		{0E9631F9-0A40-42DC-9C4F-AFA1327D0E2A}.Release|x64.ActiveCfg = Release|x64
		{0E9631F9-0A40-42DC-9C4F-AFA1327D0E2A}.Release|x64.Build.0 = Release|x64
		{0E9631F9-0A40-42DC-9C4F-AFA1327D0E2A}.Release|x86.ActiveCfg = Release|Win32
		{0E9631F9-0A40-42DC-9C4F-AFA1327D0E2A}.Release|x86.Build.0 = Release|Win32
		{C64D339C-9284-46FF-A8CC-9A551B1259E5}.Debug|ARM64.ActiveCfg = Debug|x64
		{C64D339C-9284-46FF-A8CC-9A551B1259E5}.Debug|ARM64.Build.0 = Debug|x64
		{C64D339C-9284-46FF-A8CC-9A551B1259E5}.Debug|x64.ActiveCfg = Debug|x64
		{C64D339C-9284-46FF-A8CC-9A551B1259E5}.Debug|x64.Build.0 = Debug|x64
		{C64D339C-9284-46FF-A8CC-9A551B1259E5}.Debug|x86.ActiveCfg = Debug|Win32
		{C64D339C-9284-46FF-A8CC-9A551B1259E5}.Debug|x86.Build.0 = Debug|Win32
		{C64D339C-9284-46FF-A8CC-9A551B1259E5}.Release|ARM64.ActiveCfg = Release|x64
		{C64D339C-9284-46FF-A8CC-9A551B1259E5}.Release|ARM64.Build.0 = Release|x64
		{C64D339C-9284-46FF-A8CC-9A551B1259E5}.Release|x64.ActiveCfg = Release|x64
		{C64D339C-9284-46FF-A8CC-9A551B1259E5}.Release|x64.Build.0 = Release|x64
		{C64D339C-9284-46FF-A8CC-9A551B1259E5}.Release|x86.ActiveCfg = Release|Win32
		{C64D339C-9284-46FF-A8CC-9A551B1259E5}.Release|x86.Build.0 = Release|Win32
		{0D62336F-706C-4FA4-B285-4FECE94EE6AE}.Debug|ARM64.ActiveCfg = Debug|x64
		{0D62336F-706C-4FA4-B285-4FECE94EE6AE}.Debug|ARM64.Build.0 = Debug|x64
		{0D62336F-706C-4FA4-B285-4FECE94EE6AE}.Debug|x64.ActiveCfg = Debug|x64
		{0D62336F-706C-4FA4-B285-4FECE94EE6AE}.Debug|x64.Build.0 = Debug|x64
		{0D62336F-706C-4FA4-B285-4FECE94EE6AE}.Debug|x86.ActiveCfg = Debug|Win32
		{0D62336F-706C-4FA4-B285-4FECE94EE6AE}.Debug|x86.Build.0 = Debug|Win32
		{0D62336F-706C-4FA4-B285-4FECE94EE6AE}.Release|ARM64.ActiveCfg = Release|x64
		{0D62336F-706C-4FA4-B285-4FECE94EE6AE}.Release|ARM64.Build.0 = Release|x64
		{0D62336F-706C-4FA4-B285-4FECE94EE6AE}.Release|x64.ActiveCfg = Release|x64
		{0D62336F-706C-4FA4-B285-4FECE94EE6AE}.Release|x64.Build.0 = Release|x64
		{0D62336F-706C-4FA4-B285-4FECE94EE6AE}.Release|x86.ActiveCfg = Release|Win32
		{0D62336F-706C-4FA4-B285-4FECE94EE6AE}.Release|x86.Build.0 = Release|Win32
		{D2D80CB4-88BD-4CFC-9213-A9920B0707C2}.Debug|ARM64.ActiveCfg = Debug|x64
		{D2D80CB4-88BD-4CFC-9213-A9920B0707C2}.Debug|ARM64.Build.0 = Debug|x64
		{D2D80CB4-88BD-4CFC-9213-A9920B0707C2}.Debug|x64.ActiveCfg = Debug|x64
		{D2D80CB4-88BD-4CFC-9213-A9920B0707C2}.Debug|x64.Build.0 = Debug|x64
		{D2D80CB4-88BD-4CFC-9213-A9920B0707C2}.Debug|x86.ActiveCfg = Debug|Win32
		{D2D80CB4-88BD-4CFC-9213-A9920B0707C2}.Debug|x86.Build.0 = Debug|Win32
		{D2D80CB4-88BD-4CFC-9213-A9920B0707C2}.Release|ARM64.ActiveCfg = Release|x64
		{D2D80CB4-88BD-4CFC-9213-A9920B0707C2}.Release|ARM64.Build.0 = Release|x64
		{D2D80CB4-88BD-4CFC-9213-A9920B0707C2}.Release|x64.ActiveCfg = Release|x64
		{D2D80CB4-88BD-4CFC-9213-A9920B0707C2}.Release|x64.Build.0 = Release|x64
		{D2D80CB4-88BD-4CFC-9213-A9920B0707C2}.Release|x86.ActiveCfg = Release|Win32
		{D2D80CB4-88BD-4CFC-9213-A9920B0707C2}.Release|x86.Build.0 = Release|Win32
		{409F6F09-C9DC-4F17-A78D-2FFC37E99DEC}.Debug|ARM64.ActiveCfg = Debug|x64
		{409F6F09-C9DC-4F17-A78D-2FFC37E99DEC}.Debug|ARM64.Build.0 = Debug|x64
		{409F6F09-C9DC-4F17-A78D-2FFC37E99DEC}.Debug|x64.ActiveCfg = Debug|x64
		{409F6F09-C9DC-4F17-A78D-2FFC37E99DEC}.Debug|x64.Build.0 = Debug|x64
		{409F6F09-C9DC-4F17-A78D-2FFC37E99DEC}.Debug|x86.ActiveCfg = Debug|Win32
		{409F6F09-C9DC-4F17-A78D-2FFC37E99DEC}.Debug|x86.Build.0 = Debug|Win32
		{409F6F09-C9DC-4F17-A78D-2FFC37E99DEC}.Release|ARM64.ActiveCfg = Release|x64
		{409F6F09-C9DC-4F17-A78D-2FFC37E99DEC}.Release|ARM64.Build.0 = Release|x64
		{409F6F09-C9DC-4F17-A78D-2FFC37E99DEC}.Release|x64.ActiveCfg = Release|x64
		{409F6F09-C9DC-4F17-A78D-2FFC37E99DEC}.Release|x64.Build.0 = Release|x64
		{409F6F09-C9DC-4F17-A78D-2FFC37E99DEC}.Release|x86.ActiveCfg = Release|Win32
		{409F6F09-C9DC-4F17-A78D-2FFC37E99DEC}.Release|x86.Build.0 = Release|Win32
		{0E0A198D-1490-48D6-A148-FA9711F7DDF1}.Debug|ARM64.ActiveCfg = Debug|x64
		{0E0A198D-1490-48D6-A148-FA9711F7DDF1}.Debug|ARM64.Build.0 = Debug|x64
		{0E0A198D-1490-48D6-A148-FA9711F7DDF1}.Debug|x64.ActiveCfg = Debug|x64
		{0E0A198D-1490-48D6-A148-FA9711F7DDF1}.Debug|x64.Build.0 = Debug|x64
		{0E0A198D-1490-48D6-A148-FA9711F7DDF1}.Debug|x86.ActiveCfg = Debug|Win32
		{0E0A198D-1490-48D6-A148-FA9711F7DDF1}.Debug|x86.Build.0 = Debug|Win32
		{0E0A198D-1490-48D6-A148-FA9711F7DDF1}.Release|ARM64.ActiveCfg = Release|x64
		{0E0A198D-1490-48D6-A148-FA9711F7DDF1}.Release|ARM64.Build.0 = Release|x64
		{0E0A198D-1490-48D6-A148-FA9711F7DDF1}.Release|x64.ActiveCfg = Release|x64
		{0E0A198D-1490-48D6-A148-FA9711F7DDF1}.Release|x64.Build.0 = Release|x64
		{0E0A198D-1490-48D6-A148-FA9711F7DDF1}.Release|x86.ActiveCfg = Release|Win32
		{0E0A198D-1490-48D6-A148-FA9711F7DDF1}.Release|x86.Build.0 = Release|Win32
		{2B18204E-532C-49CB-91DA-EC881B38318A}.Debug|ARM64.ActiveCfg = Debug|x64
		{2B18204E-532C-49CB-91DA-EC881B38318A}.Debug|ARM64.Build.0 = Debug|x64
		{2B18204E-532C-49CB-91DA-EC881B38318A}.Debug|x64.ActiveCfg = Debug|x64
		{2B18204E-532C-49CB-91DA-EC881B38318A}.Debug|x64.Build.0 = Debug|x64
		{2B18204E-532C-49CB-91DA-EC881B38318A}.Debug|x86.ActiveCfg = Debug|Win32
		{2B18204E-532C-49CB-91DA-EC881B38318A}.Debug|x86.Build.0 = Debug|Win32
		{2B18204E-532C-49CB-91DA-EC881B38318A}.Release|ARM64.ActiveCfg = Release|x64
		{2B18204E-532C-49CB-91DA-EC881B38318A}.Release|ARM64.Build.0 = Release|x64
		{2B18204E-532C-49CB-91DA-EC881B38318A}.Release|x64.ActiveCfg = Release|x64
		{2B18204E-532C-49CB-91DA-EC881B38318A}.Release|x64.Build.0 = Release|x64
		{2B18204E-532C-49CB-91DA-EC881B38318A}.Release|x86.ActiveCfg = Release|Win32
		{2B18204E-532C-49CB-91DA-EC881B38318A}.Release|x86.Build.0 = Release|Win32
		{0852A7DB-9078-4886-BEED-853CBE56659F}.Debug|ARM64.ActiveCfg = Debug|x64
		{0852A7DB-9078-4886-BEED-853CBE56659F}.Debug|ARM64.Build.0 = Debug|x64
		{0852A7DB-9078-4886-BEED-853CBE56659F}.Debug|x64.ActiveCfg = Debug|x64
		{0852A7DB-9078-4886-BEED-853CBE56659F}.Debug|x64.Build.0 = Debug|x64
		{0852A7DB-9078-4886-BEED-853CBE56659F}.Debug|x86.ActiveCfg = Debug|Win32
		{0852A7DB-9078-4886-BEED-853CBE56659F}.Debug|x86.Build.0 = Debug|Win32
		{0852A7DB-9078-4886-BEED-853CBE56659F}.Release|ARM64.ActiveCfg = Release|x64
		{0852A7DB-9078-4886-BEED-853CBE56659F}.Release|ARM64.Build.0 = Release|x64
		{0852A7DB-9078-4886-BEED-853CBE56659F}.Release|x64.ActiveCfg = Release|x64
		{0852A7DB-9078-4886-BEED-853CBE56659F}.Release|x64.Build.0 = Release|x64
		{0852A7DB-9078-4886-BEED-853CBE56659F}.Release|x86.ActiveCfg = Release|Win32
		{0852A7DB-9078-4886-BEED-853CBE56659F}.Release|x86.Build.0 = Release|Win32
		{773B719A-15FC-4903-AF74-0681DFE640ED}.Debug|ARM64.ActiveCfg = Debug|x64
		{773B719A-15FC-4903-AF74-0681DFE640ED}.Debug|ARM64.Build.0 = Debug|x64
		{773B719A-15FC-4903-AF74-0681DFE640ED}.Debug|x64.ActiveCfg = Debug|x64
		{773B719A-15FC-4903-AF74-0681DFE640ED}.Debug|x64.Build.0 = Debug|x64
		{773B719A-15FC-4903-AF74-0681DFE640ED}.Debug|x86.ActiveCfg = Debug|Win32
		{773B719A-15FC-4903-AF74-0681DFE640ED}.Debug|x86.Build.0 = Debug|Win32
		{773B719A-15FC-4903-AF74-0681DFE640ED}.Release|ARM64.ActiveCfg = Release|x64
		{773B719A-15FC-4903-AF74-0681DFE640ED}.Release|ARM64.Build.0 = Release|x64
		{773B719A-15FC-4903-AF74-0681DFE640ED}.Release|x64.ActiveCfg = Release|x64
		{773B719A-15FC-4903-AF74-0681DFE640ED}.Release|x64.Build.0 = Release|x64
		{773B719A-15FC-4903-AF74-0681DFE640ED}.Release|x86.ActiveCfg = Release|Win32
		{773B719A-15FC-4903-AF74-0681DFE640ED}.Release|x86.Build.0 = Release|Win32
		{071588C8-7A9D-496A-8C87-550942719BEC}.Debug|ARM64.ActiveCfg = Debug|ARM64
		{071588C8-7A9D-496A-8C87-550942719BEC}.Debug|ARM64.Build.0 = Debug|ARM64
		{071588C8-7A9D-496A-8C87-550942719BEC}.Debug|ARM64.Deploy.0 = Debug|ARM64
		{071588C8-7A9D-496A-8C87-550942719BEC}.Debug|x64.ActiveCfg = Debug|x64
		{071588C8-7A9D-496A-8C87-550942719BEC}.Debug|x64.Build.0 = Debug|x64
		{071588C8-7A9D-496A-8C87-550942719BEC}.Debug|x64.Deploy.0 = Debug|x64
		{071588C8-7A9D-496A-8C87-550942719BEC}.Debug|x86.ActiveCfg = Debug|x64
		{071588C8-7A9D-496A-8C87-550942719BEC}.Debug|x86.Build.0 = Debug|x64
		{071588C8-7A9D-496A-8C87-550942719BEC}.Debug|x86.Deploy.0 = Debug|x64
		{071588C8-7A9D-496A-8C87-550942719BEC}.Release|ARM64.ActiveCfg = Release|ARM64
		{071588C8-7A9D-496A-8C87-550942719BEC}.Release|ARM64.Build.0 = Release|ARM64
		{071588C8-7A9D-496A-8C87-550942719BEC}.Release|ARM64.Deploy.0 = Release|ARM64
		{071588C8-7A9D-496A-8C87-550942719BEC}.Release|x64.ActiveCfg = Release|x64
		{071588C8-7A9D-496A-8C87-550942719BEC}.Release|x64.Build.0 = Release|x64
		{071588C8-7A9D-496A-8C87-550942719BEC}.Release|x64.Deploy.0 = Release|x64
		{071588C8-7A9D-496A-8C87-550942719BEC}.Release|x86.ActiveCfg = Release|x64
		{071588C8-7A9D-496A-8C87-550942719BEC}.Release|x86.Build.0 = Release|x64
		{071588C8-7A9D-496A-8C87-550942719BEC}.Release|x86.Deploy.0 = Release|x64
		{DC0D1FC5-A166-4C86-A2F4-D7462C0BCECA}.Debug|ARM64.ActiveCfg = Debug|ARM64
		{DC0D1FC5-A166-4C86-A2F4-D7462C0BCECA}.Debug|ARM64.Build.0 = Debug|ARM64
		{DC0D1FC5-A166-4C86-A2F4-D7462C0BCECA}.Debug|ARM64.Deploy.0 = Debug|ARM64
		{DC0D1FC5-A166-4C86-A2F4-D7462C0BCECA}.Debug|x64.ActiveCfg = Debug|x64
		{DC0D1FC5-A166-4C86-A2F4-D7462C0BCECA}.Debug|x64.Build.0 = Debug|x64
		{DC0D1FC5-A166-4C86-A2F4-D7462C0BCECA}.Debug|x64.Deploy.0 = Debug|x64
		{DC0D1FC5-A166-4C86-A2F4-D7462C0BCECA}.Debug|x86.ActiveCfg = Debug|x64
		{DC0D1FC5-A166-4C86-A2F4-D7462C0BCECA}.Debug|x86.Build.0 = Debug|x64
		{DC0D1FC5-A166-4C86-A2F4-D7462C0BCECA}.Debug|x86.Deploy.0 = Debug|x64
		{DC0D1FC5-A166-4C86-A2F4-D7462C0BCECA}.Release|ARM64.ActiveCfg = Release|ARM64
		{DC0D1FC5-A166-4C86-A2F4-D7462C0BCECA}.Release|ARM64.Build.0 = Release|ARM64
		{DC0D1FC5-A166-4C86-A2F4-D7462C0BCECA}.Release|ARM64.Deploy.0 = Release|ARM64
		{DC0D1FC5-A166-4C86-A2F4-D7462C0BCECA}.Release|x64.ActiveCfg = Release|x64
		{DC0D1FC5-A166-4C86-A2F4-D7462C0BCECA}.Release|x64.Build.0 = Release|x64
		{DC0D1FC5-A166-4C86-A2F4-D7462C0BCECA}.Release|x64.Deploy.0 = Release|x64
		{DC0D1FC5-A166-4C86-A2F4-D7462C0BCECA}.Release|x86.ActiveCfg = Release|x64
		{DC0D1FC5-A166-4C86-A2F4-D7462C0BCECA}.Release|x86.Build.0 = Release|x64
		{DC0D1FC5-A166-4C86-A2F4-D7462C0BCECA}.Release|x86.Deploy.0 = Release|x64
		{579F1CD4-EB67-48BB-8E23-76D9159C727E}.Debug|ARM64.ActiveCfg = Debug|x64
		{579F1CD4-EB67-48BB-8E23-76D9159C727E}.Debug|ARM64.Build.0 = Debug|x64
		{579F1CD4-EB67-48BB-8E23-76D9159C727E}.Debug|x64.ActiveCfg = Debug|x64
		{579F1CD4-EB67-48BB-8E23-76D9159C727E}.Debug|x64.Build.0 = Debug|x64
		{579F1CD4-EB67-48BB-8E23-76D9159C727E}.Debug|x86.ActiveCfg = Debug|Win32
		{579F1CD4-EB67-48BB-8E23-76D9159C727E}.Debug|x86.Build.0 = Debug|Win32
		{579F1CD4-EB67-48BB-8E23-76D9159C727E}.Release|ARM64.ActiveCfg = Release|x64
		{579F1CD4-EB67-48BB-8E23-76D9159C727E}.Release|ARM64.Build.0 = Release|x64
		{579F1CD4-EB67-48BB-8E23-76D9159C727E}.Release|x64.ActiveCfg = Release|x64
		{579F1CD4-EB67-48BB-8E23-76D9159C727E}.Release|x64.Build.0 = Release|x64
		{579F1CD4-EB67-48BB-8E23-76D9159C727E}.Release|x86.ActiveCfg = Release|Win32
		{579F1CD4-EB67-48BB-8E23-76D9159C727E}.Release|x86.Build.0 = Release|Win32
		{91A532B3-4DB1-42AD-8F95-19DD36A2ED0B}.Debug|ARM64.ActiveCfg = Debug|x64
		{91A532B3-4DB1-42AD-8F95-19DD36A2ED0B}.Debug|ARM64.Build.0 = Debug|x64
		{91A532B3-4DB1-42AD-8F95-19DD36A2ED0B}.Debug|x64.ActiveCfg = Debug|x64
		{91A532B3-4DB1-42AD-8F95-19DD36A2ED0B}.Debug|x64.Build.0 = Debug|x64
		{91A532B3-4DB1-42AD-8F95-19DD36A2ED0B}.Debug|x86.ActiveCfg = Debug|Win32
		{91A532B3-4DB1-42AD-8F95-19DD36A2ED0B}.Debug|x86.Build.0 = Debug|Win32
		{91A532B3-4DB1-42AD-8F95-19DD36A2ED0B}.Release|ARM64.ActiveCfg = Release|x64
		{91A532B3-4DB1-42AD-8F95-19DD36A2ED0B}.Release|ARM64.Build.0 = Release|x64
		{91A532B3-4DB1-42AD-8F95-19DD36A2ED0B}.Release|x64.ActiveCfg = Release|x64
		{91A532B3-4DB1-42AD-8F95-19DD36A2ED0B}.Release|x64.Build.0 = Release|x64
		{91A532B3-4DB1-42AD-8F95-19DD36A2ED0B}.Release|x86.ActiveCfg = Release|Win32
		{91A532B3-4DB1-42AD-8F95-19DD36A2ED0B}.Release|x86.Build.0 = Release|Win32
		{4F3E3BFA-E570-4983-8ED3-6DC726E17346}.Debug|ARM64.ActiveCfg = Debug|x64
		{4F3E3BFA-E570-4983-8ED3-6DC726E17346}.Debug|ARM64.Build.0 = Debug|x64
		{4F3E3BFA-E570-4983-8ED3-6DC726E17346}.Debug|x64.ActiveCfg = Debug|x64
		{4F3E3BFA-E570-4983-8ED3-6DC726E17346}.Debug|x64.Build.0 = Debug|x64
		{4F3E3BFA-E570-4983-8ED3-6DC726E17346}.Debug|x86.ActiveCfg = Debug|Win32
		{4F3E3BFA-E570-4983-8ED3-6DC726E17346}.Debug|x86.Build.0 = Debug|Win32
		{4F3E3BFA-E570-4983-8ED3-6DC726E17346}.Release|ARM64.ActiveCfg = Release|x64
		{4F3E3BFA-E570-4983-8ED3-6DC726E17346}.Release|ARM64.Build.0 = Release|x64
		{4F3E3BFA-E570-4983-8ED3-6DC726E17346}.Release|x64.ActiveCfg = Release|x64
		{4F3E3BFA-E570-4983-8ED3-6DC726E17346}.Release|x64.Build.0 = Release|x64
		{4F3E3BFA-E570-4983-8ED3-6DC726E17346}.Release|x86.ActiveCfg = Release|Win32
		{4F3E3BFA-E570-4983-8ED3-6DC726E17346}.Release|x86.Build.0 = Release|Win32
		{9390FAA8-DB0A-4E95-AE16-679575EDD611}.Debug|ARM64.ActiveCfg = Debug|Win32
		{9390FAA8-DB0A-4E95-AE16-679575EDD611}.Debug|ARM64.Build.0 = Debug|Win32
		{9390FAA8-DB0A-4E95-AE16-679575EDD611}.Debug|x64.ActiveCfg = Debug|Win32
		{9390FAA8-DB0A-4E95-AE16-679575EDD611}.Debug|x64.Build.0 = Debug|Win32
		{9390FAA8-DB0A-4E95-AE16-679575EDD611}.Debug|x86.ActiveCfg = Debug|Win32
		{9390FAA8-DB0A-4E95-AE16-679575EDD611}.Debug|x86.Build.0 = Debug|Win32
		{9390FAA8-DB0A-4E95-AE16-679575EDD611}.Release|ARM64.ActiveCfg = Release|Win32
		{9390FAA8-DB0A-4E95-AE16-679575EDD611}.Release|ARM64.Build.0 = Release|Win32
		{9390FAA8-DB0A-4E95-AE16-679575EDD611}.Release|x64.ActiveCfg = Release|Win32
		{9390FAA8-DB0A-4E95-AE16-679575EDD611}.Release|x64.Build.0 = Release|Win32
		{9390FAA8-DB0A-4E95-AE16-679575EDD611}.Release|x86.ActiveCfg = Release|Win32
		{9390FAA8-DB0A-4E95-AE16-679575EDD611}.Release|x86.Build.0 = Release|Win32
		{5820C11B-A6A5-4B2E-BBAC-B0C3A45512B6}.Debug|ARM64.ActiveCfg = Debug|x64
		{5820C11B-A6A5-4B2E-BBAC-B0C3A45512B6}.Debug|ARM64.Build.0 = Debug|x64
		{5820C11B-A6A5-4B2E-BBAC-B0C3A45512B6}.Debug|x64.ActiveCfg = Debug|x64
		{5820C11B-A6A5-4B2E-BBAC-B0C3A45512B6}.Debug|x64.Build.0 = Debug|x64
		{5820C11B-A6A5-4B2E-BBAC-B0C3A45512B6}.Debug|x86.ActiveCfg = Debug|Win32
		{5820C11B-A6A5-4B2E-BBAC-B0C3A45512B6}.Debug|x86.Build.0 = Debug|Win32
		{5820C11B-A6A5-4B2E-BBAC-B0C3A45512B6}.Release|ARM64.ActiveCfg = Release|x64
		{5820C11B-A6A5-4B2E-BBAC-B0C3A45512B6}.Release|ARM64.Build.0 = Release|x64
		{5820C11B-A6A5-4B2E-BBAC-B0C3A45512B6}.Release|x64.ActiveCfg = Release|x64
		{5820C11B-A6A5-4B2E-BBAC-B0C3A45512B6}.Release|x64.Build.0 = Release|x64
		{5820C11B-A6A5-4B2E-BBAC-B0C3A45512B6}.Release|x86.ActiveCfg = Release|Win32
		{5820C11B-A6A5-4B2E-BBAC-B0C3A45512B6}.Release|x86.Build.0 = Release|Win32
		{66A5C240-EF03-40A1-952E-0A7210B4C931}.Debug|ARM64.ActiveCfg = Debug|x64
		{66A5C240-EF03-40A1-952E-0A7210B4C931}.Debug|ARM64.Build.0 = Debug|x64
		{66A5C240-EF03-40A1-952E-0A7210B4C931}.Debug|x64.ActiveCfg = Debug|x64
		{66A5C240-EF03-40A1-952E-0A7210B4C931}.Debug|x64.Build.0 = Debug|x64
		{66A5C240-EF03-40A1-952E-0A7210B4C931}.Debug|x86.ActiveCfg = Debug|Win32
		{66A5C240-EF03-40A1-952E-0A7210B4C931}.Debug|x86.Build.0 = Debug|Win32
		{66A5C240-EF03-40A1-952E-0A7210B4C931}.Debug|x86.Deploy.0 = Debug|Win32
		{66A5C240-EF03-40A1-952E-0A7210B4C931}.Release|ARM64.ActiveCfg = Release|x64
		{66A5C240-EF03-40A1-952E-0A7210B4C931}.Release|ARM64.Build.0 = Release|x64
		{66A5C240-EF03-40A1-952E-0A7210B4C931}.Release|x64.ActiveCfg = Release|x64
		{66A5C240-EF03-40A1-952E-0A7210B4C931}.Release|x64.Build.0 = Release|x64
		{66A5C240-EF03-40A1-952E-0A7210B4C931}.Release|x86.ActiveCfg = Release|Win32
		{66A5C240-EF03-40A1-952E-0A7210B4C931}.Release|x86.Build.0 = Release|Win32
		{5320500A-D932-456D-89AB-6EB379199B26}.Debug|ARM64.ActiveCfg = Debug|x64
		{5320500A-D932-456D-89AB-6EB379199B26}.Debug|ARM64.Build.0 = Debug|x64
		{5320500A-D932-456D-89AB-6EB379199B26}.Debug|x64.ActiveCfg = Debug|x64
		{5320500A-D932-456D-89AB-6EB379199B26}.Debug|x64.Build.0 = Debug|x64
		{5320500A-D932-456D-89AB-6EB379199B26}.Debug|x86.ActiveCfg = Debug|Win32
		{5320500A-D932-456D-89AB-6EB379199B26}.Debug|x86.Build.0 = Debug|Win32
		{5320500A-D932-456D-89AB-6EB379199B26}.Release|ARM64.ActiveCfg = Release|x64
		{5320500A-D932-456D-89AB-6EB379199B26}.Release|ARM64.Build.0 = Release|x64
		{5320500A-D932-456D-89AB-6EB379199B26}.Release|x64.ActiveCfg = Release|x64
		{5320500A-D932-456D-89AB-6EB379199B26}.Release|x64.Build.0 = Release|x64
		{5320500A-D932-456D-89AB-6EB379199B26}.Release|x86.ActiveCfg = Release|Win32
		{5320500A-D932-456D-89AB-6EB379199B26}.Release|x86.Build.0 = Release|Win32
		{C01BDFC1-36E7-4EF4-9C82-AA090C3ED052}.Debug|ARM64.ActiveCfg = Debug|x64
		{C01BDFC1-36E7-4EF4-9C82-AA090C3ED052}.Debug|ARM64.Build.0 = Debug|x64
		{C01BDFC1-36E7-4EF4-9C82-AA090C3ED052}.Debug|x64.ActiveCfg = Debug|x64
		{C01BDFC1-36E7-4EF4-9C82-AA090C3ED052}.Debug|x64.Build.0 = Debug|x64
		{C01BDFC1-36E7-4EF4-9C82-AA090C3ED052}.Debug|x86.ActiveCfg = Debug|Win32
		{C01BDFC1-36E7-4EF4-9C82-AA090C3ED052}.Debug|x86.Build.0 = Debug|Win32
		{C01BDFC1-36E7-4EF4-9C82-AA090C3ED052}.Release|ARM64.ActiveCfg = Release|x64
		{C01BDFC1-36E7-4EF4-9C82-AA090C3ED052}.Release|ARM64.Build.0 = Release|x64
		{C01BDFC1-36E7-4EF4-9C82-AA090C3ED052}.Release|x64.ActiveCfg = Release|x64
		{C01BDFC1-36E7-4EF4-9C82-AA090C3ED052}.Release|x64.Build.0 = Release|x64
		{C01BDFC1-36E7-4EF4-9C82-AA090C3ED052}.Release|x86.ActiveCfg = Release|Win32
		{C01BDFC1-36E7-4EF4-9C82-AA090C3ED052}.Release|x86.Build.0 = Release|Win32
		{4D132D90-BEFA-4103-8DB6-F209F542A6A1}.Debug|ARM64.ActiveCfg = Debug|x64
		{4D132D90-BEFA-4103-8DB6-F209F542A6A1}.Debug|ARM64.Build.0 = Debug|x64
		{4D132D90-BEFA-4103-8DB6-F209F542A6A1}.Debug|x64.ActiveCfg = Debug|x64
		{4D132D90-BEFA-4103-8DB6-F209F542A6A1}.Debug|x64.Build.0 = Debug|x64
		{4D132D90-BEFA-4103-8DB6-F209F542A6A1}.Debug|x86.ActiveCfg = Debug|Win32
		{4D132D90-BEFA-4103-8DB6-F209F542A6A1}.Debug|x86.Build.0 = Debug|Win32
		{4D132D90-BEFA-4103-8DB6-F209F542A6A1}.Release|ARM64.ActiveCfg = Release|x64
		{4D132D90-BEFA-4103-8DB6-F209F542A6A1}.Release|ARM64.Build.0 = Release|x64
		{4D132D90-BEFA-4103-8DB6-F209F542A6A1}.Release|x64.ActiveCfg = Release|x64
		{4D132D90-BEFA-4103-8DB6-F209F542A6A1}.Release|x64.Build.0 = Release|x64
		{4D132D90-BEFA-4103-8DB6-F209F542A6A1}.Release|x86.ActiveCfg = Release|Win32
		{4D132D90-BEFA-4103-8DB6-F209F542A6A1}.Release|x86.Build.0 = Release|Win32
		{30690CB2-01D5-45D3-ACFE-2B0B6C8AF527}.Debug|ARM64.ActiveCfg = Debug|x64
		{30690CB2-01D5-45D3-ACFE-2B0B6C8AF527}.Debug|ARM64.Build.0 = Debug|x64
		{30690CB2-01D5-45D3-ACFE-2B0B6C8AF527}.Debug|x64.ActiveCfg = Debug|x64
		{30690CB2-01D5-45D3-ACFE-2B0B6C8AF527}.Debug|x64.Build.0 = Debug|x64
		{30690CB2-01D5-45D3-ACFE-2B0B6C8AF527}.Debug|x86.ActiveCfg = Debug|Win32
		{30690CB2-01D5-45D3-ACFE-2B0B6C8AF527}.Debug|x86.Build.0 = Debug|Win32
		{30690CB2-01D5-45D3-ACFE-2B0B6C8AF527}.Release|ARM64.ActiveCfg = Release|x64
		{30690CB2-01D5-45D3-ACFE-2B0B6C8AF527}.Release|ARM64.Build.0 = Release|x64
		{30690CB2-01D5-45D3-ACFE-2B0B6C8AF527}.Release|x64.ActiveCfg = Release|x64
		{30690CB2-01D5-45D3-ACFE-2B0B6C8AF527}.Release|x64.Build.0 = Release|x64
		{30690CB2-01D5-45D3-ACFE-2B0B6C8AF527}.Release|x86.ActiveCfg = Release|Win32
		{30690CB2-01D5-45D3-ACFE-2B0B6C8AF527}.Release|x86.Build.0 = Release|Win32
		{17FF6F1B-423B-4641-9CF9-AB3CD0CBE0B4}.Debug|ARM64.ActiveCfg = Debug|x64
		{17FF6F1B-423B-4641-9CF9-AB3CD0CBE0B4}.Debug|ARM64.Build.0 = Debug|x64
		{17FF6F1B-423B-4641-9CF9-AB3CD0CBE0B4}.Debug|x64.ActiveCfg = Debug|x64
		{17FF6F1B-423B-4641-9CF9-AB3CD0CBE0B4}.Debug|x64.Build.0 = Debug|x64
		{17FF6F1B-423B-4641-9CF9-AB3CD0CBE0B4}.Debug|x86.ActiveCfg = Debug|Win32
		{17FF6F1B-423B-4641-9CF9-AB3CD0CBE0B4}.Debug|x86.Build.0 = Debug|Win32
		{17FF6F1B-423B-4641-9CF9-AB3CD0CBE0B4}.Release|ARM64.ActiveCfg = Release|x64
		{17FF6F1B-423B-4641-9CF9-AB3CD0CBE0B4}.Release|ARM64.Build.0 = Release|x64
		{17FF6F1B-423B-4641-9CF9-AB3CD0CBE0B4}.Release|x64.ActiveCfg = Release|x64
		{17FF6F1B-423B-4641-9CF9-AB3CD0CBE0B4}.Release|x64.Build.0 = Release|x64
		{17FF6F1B-423B-4641-9CF9-AB3CD0CBE0B4}.Release|x86.ActiveCfg = Release|Win32
		{17FF6F1B-423B-4641-9CF9-AB3CD0CBE0B4}.Release|x86.Build.0 = Release|Win32
		{A543E125-AD33-40E5-9054-0B7E15A4C860}.Debug|ARM64.ActiveCfg = Debug|x64
		{A543E125-AD33-40E5-9054-0B7E15A4C860}.Debug|ARM64.Build.0 = Debug|x64
		{A543E125-AD33-40E5-9054-0B7E15A4C860}.Debug|x64.ActiveCfg = Debug|x64
		{A543E125-AD33-40E5-9054-0B7E15A4C860}.Debug|x64.Build.0 = Debug|x64
		{A543E125-AD33-40E5-9054-0B7E15A4C860}.Debug|x86.ActiveCfg = Debug|Win32
		{A543E125-AD33-40E5-9054-0B7E15A4C860}.Debug|x86.Build.0 = Debug|Win32
		{A543E125-AD33-40E5-9054-0B7E15A4C860}.Release|ARM64.ActiveCfg = Release|x64
		{A543E125-AD33-40E5-9054-0B7E15A4C860}.Release|ARM64.Build.0 = Release|x64
		{A543E125-AD33-40E5-9054-0B7E15A4C860}.Release|x64.ActiveCfg = Release|x64
		{A543E125-AD33-40E5-9054-0B7E15A4C860}.Release|x64.Build.0 = Release|x64
		{A543E125-AD33-40E5-9054-0B7E15A4C860}.Release|x86.ActiveCfg = Release|Win32
		{A543E125-AD33-40E5-9054-0B7E15A4C860}.Release|x86.Build.0 = Release|Win32
		{862821A1-C15D-4AC1-A98C-FE4259B2D5F3}.Debug|ARM64.ActiveCfg = Debug|x64
		{862821A1-C15D-4AC1-A98C-FE4259B2D5F3}.Debug|ARM64.Build.0 = Debug|x64
		{862821A1-C15D-4AC1-A98C-FE4259B2D5F3}.Debug|x64.ActiveCfg = Debug|x64
		{862821A1-C15D-4AC1-A98C-FE4259B2D5F3}.Debug|x64.Build.0 = Debug|x64
		{862821A1-C15D-4AC1-A98C-FE4259B2D5F3}.Debug|x86.ActiveCfg = Debug|Win32
		{862821A1-C15D-4AC1-A98C-FE4259B2D5F3}.Debug|x86.Build.0 = Debug|Win32
		{862821A1-C15D-4AC1-A98C-FE4259B2D5F3}.Release|ARM64.ActiveCfg = Release|x64
		{862821A1-C15D-4AC1-A98C-FE4259B2D5F3}.Release|ARM64.Build.0 = Release|x64
		{862821A1-C15D-4AC1-A98C-FE4259B2D5F3}.Release|x64.ActiveCfg = Release|x64
		{862821A1-C15D-4AC1-A98C-FE4259B2D5F3}.Release|x64.Build.0 = Release|x64
		{862821A1-C15D-4AC1-A98C-FE4259B2D5F3}.Release|x86.ActiveCfg = Release|Win32
		{862821A1-C15D-4AC1-A98C-FE4259B2D5F3}.Release|x86.Build.0 = Release|Win32
		{6E048E00-072C-40A2-9E60-20F5B4DD644C}.Debug|ARM64.ActiveCfg = Debug|x64
		{6E048E00-072C-40A2-9E60-20F5B4DD644C}.Debug|ARM64.Build.0 = Debug|x64
		{6E048E00-072C-40A2-9E60-20F5B4DD644C}.Debug|x64.ActiveCfg = Debug|x64
		{6E048E00-072C-40A2-9E60-20F5B4DD644C}.Debug|x64.Build.0 = Debug|x64
		{6E048E00-072C-40A2-9E60-20F5B4DD644C}.Debug|x86.ActiveCfg = Debug|Win32
		{6E048E00-072C-40A2-9E60-20F5B4DD644C}.Debug|x86.Build.0 = Debug|Win32
		{6E048E00-072C-40A2-9E60-20F5B4DD644C}.Release|ARM64.ActiveCfg = Release|x64
		{6E048E00-072C-40A2-9E60-20F5B4DD644C}.Release|ARM64.Build.0 = Release|x64
		{6E048E00-072C-40A2-9E60-20F5B4DD644C}.Release|x64.ActiveCfg = Release|x64
		{6E048E00-072C-40A2-9E60-20F5B4DD644C}.Release|x64.Build.0 = Release|x64
		{6E048E00-072C-40A2-9E60-20F5B4DD644C}.Release|x86.ActiveCfg = Release|Win32
		{6E048E00-072C-40A2-9E60-20F5B4DD644C}.Release|x86.Build.0 = Release|Win32
		{2E877B4F-7351-4346-BEE7-32C8A92740ED}.Debug|ARM64.ActiveCfg = Debug|x64
		{2E877B4F-7351-4346-BEE7-32C8A92740ED}.Debug|ARM64.Build.0 = Debug|x64
		{2E877B4F-7351-4346-BEE7-32C8A92740ED}.Debug|x64.ActiveCfg = Debug|x64
		{2E877B4F-7351-4346-BEE7-32C8A92740ED}.Debug|x64.Build.0 = Debug|x64
		{2E877B4F-7351-4346-BEE7-32C8A92740ED}.Debug|x86.ActiveCfg = Debug|Win32
		{2E877B4F-7351-4346-BEE7-32C8A92740ED}.Debug|x86.Build.0 = Debug|Win32
		{2E877B4F-7351-4346-BEE7-32C8A92740ED}.Release|ARM64.ActiveCfg = Release|x64
		{2E877B4F-7351-4346-BEE7-32C8A92740ED}.Release|ARM64.Build.0 = Release|x64
		{2E877B4F-7351-4346-BEE7-32C8A92740ED}.Release|x64.ActiveCfg = Release|x64
		{2E877B4F-7351-4346-BEE7-32C8A92740ED}.Release|x64.Build.0 = Release|x64
		{2E877B4F-7351-4346-BEE7-32C8A92740ED}.Release|x86.ActiveCfg = Release|Win32
		{2E877B4F-7351-4346-BEE7-32C8A92740ED}.Release|x86.Build.0 = Release|Win32
		{E3D9C88D-588D-4ED6-941E-A0049780EF7D}.Debug|ARM64.ActiveCfg = Debug|x64
		{E3D9C88D-588D-4ED6-941E-A0049780EF7D}.Debug|ARM64.Build.0 = Debug|x64
		{E3D9C88D-588D-4ED6-941E-A0049780EF7D}.Debug|x64.ActiveCfg = Debug|x64
		{E3D9C88D-588D-4ED6-941E-A0049780EF7D}.Debug|x64.Build.0 = Debug|x64
		{E3D9C88D-588D-4ED6-941E-A0049780EF7D}.Debug|x86.ActiveCfg = Debug|Win32
		{E3D9C88D-588D-4ED6-941E-A0049780EF7D}.Debug|x86.Build.0 = Debug|Win32
		{E3D9C88D-588D-4ED6-941E-A0049780EF7D}.Release|ARM64.ActiveCfg = Release|x64
		{E3D9C88D-588D-4ED6-941E-A0049780EF7D}.Release|ARM64.Build.0 = Release|x64
		{E3D9C88D-588D-4ED6-941E-A0049780EF7D}.Release|x64.ActiveCfg = Release|x64
		{E3D9C88D-588D-4ED6-941E-A0049780EF7D}.Release|x64.Build.0 = Release|x64
		{E3D9C88D-588D-4ED6-941E-A0049780EF7D}.Release|x86.ActiveCfg = Release|Win32
		{E3D9C88D-588D-4ED6-941E-A0049780EF7D}.Release|x86.Build.0 = Release|Win32
	EndGlobalSection
	GlobalSection(SolutionProperties) = preSolution
		HideSolutionNode = FALSE
	EndGlobalSection
	GlobalSection(NestedProjects) = preSolution
		{ADC7F08A-6D29-4AEC-80D1-CB717D507DC2} = {9CB386CA-3F38-4693-AFFB-0B2BEFB0284B}
		{263764B5-BC9A-463E-B2B1-4F0B03DD86A6} = {A6838175-BA3B-44D9-9C9A-DC81F8AF6AC6}
		{25B64ADA-438B-4EDD-B597-C4ED294D375C} = {A6838175-BA3B-44D9-9C9A-DC81F8AF6AC6}
		{5FEDAAE4-1602-46A6-81EC-7812AD9BFD90} = {A6838175-BA3B-44D9-9C9A-DC81F8AF6AC6}
		{F4897C8F-7965-42B9-97D9-58118C277000} = {9CB386CA-3F38-4693-AFFB-0B2BEFB0284B}
		{9D2B39F7-9B48-49A8-BF77-A386ADD0A806} = {5FEDAAE4-1602-46A6-81EC-7812AD9BFD90}
		{EE9E9D6E-BE7C-4465-9100-39A2546D882C} = {25B64ADA-438B-4EDD-B597-C4ED294D375C}
		{D6930701-A16C-47B9-BA39-3D841CEBD5F7} = {F4897C8F-7965-42B9-97D9-58118C277000}
		{31777506-1BA1-4F24-B829-5C3411E78B8A} = {9CB386CA-3F38-4693-AFFB-0B2BEFB0284B}
		{DB11B189-3D21-4292-9C84-780F2BB3D007} = {31777506-1BA1-4F24-B829-5C3411E78B8A}
		{E4F452D2-4EC2-4D45-8C42-6D5BC935047E} = {ADC7F08A-6D29-4AEC-80D1-CB717D507DC2}
		{A73397F5-C46C-4BDE-B63F-936BFDD89CA1} = {ADC7F08A-6D29-4AEC-80D1-CB717D507DC2}
		{8CA2D135-44F4-4349-B15A-4ABF92477708} = {9CB386CA-3F38-4693-AFFB-0B2BEFB0284B}
		{E47B59AE-6BFB-453E-8889-D0C932F7154D} = {0FBC854F-B5CF-485D-A81D-5ADC5811782F}
		{0FBC854F-B5CF-485D-A81D-5ADC5811782F} = {9CB386CA-3F38-4693-AFFB-0B2BEFB0284B}
		{6EFFAAD0-CB86-440B-B8B1-3FC14FEE1C80} = {9CB386CA-3F38-4693-AFFB-0B2BEFB0284B}
		{56E9F1D1-3584-4D08-9F33-FA53AFCD404E} = {9CB386CA-3F38-4693-AFFB-0B2BEFB0284B}
		{5D92115B-0F5D-457F-B926-3CA969CB9B64} = {9CB386CA-3F38-4693-AFFB-0B2BEFB0284B}
		{7BC0A987-0EC4-4563-A14C-BCB935F1DD54} = {EAA894D0-67F1-43E6-B6C3-B941EEA1E3AF}
		{DDA62549-F85D-457E-B893-235B8D68D21B} = {9CB386CA-3F38-4693-AFFB-0B2BEFB0284B}
		{E3280294-ECC9-48F3-818C-9E127BCA79E7} = {EAA894D0-67F1-43E6-B6C3-B941EEA1E3AF}
		{434646B8-BDD4-47AC-968C-9BCE1ABF83B7} = {9CB386CA-3F38-4693-AFFB-0B2BEFB0284B}
		{409435BB-E53A-4558-B87D-8A8E81A9BCA6} = {9CB386CA-3F38-4693-AFFB-0B2BEFB0284B}
		{11936BBE-6D0D-4D31-A783-883244C51E00} = {9CB386CA-3F38-4693-AFFB-0B2BEFB0284B}
		{34FDD128-355B-4257-8BDC-6A4189517799} = {9CB386CA-3F38-4693-AFFB-0B2BEFB0284B}
		{06CEAA29-D3A3-4C39-9F2C-E0D1009DF904} = {BFB8B752-C1A1-4AE7-87B8-16F22A9A59E9}
		{3A95D077-ABEB-4AA1-9567-4A0553574BB3} = {A6838175-BA3B-44D9-9C9A-DC81F8AF6AC6}
		{94406303-B125-4714-89D0-DA598E6D55E9} = {A6838175-BA3B-44D9-9C9A-DC81F8AF6AC6}
		{EF9DD0C1-2975-46CC-A79B-46B60DBF072A} = {A6838175-BA3B-44D9-9C9A-DC81F8AF6AC6}
		{CB08A48C-0B08-4D51-8DAA-93E3A926864C} = {A6838175-BA3B-44D9-9C9A-DC81F8AF6AC6}
		{B73E79A6-AD65-4652-A03D-525EF231909B} = {A6838175-BA3B-44D9-9C9A-DC81F8AF6AC6}
		{99E3B80C-065F-4315-84AD-4424E933EAF8} = {A6838175-BA3B-44D9-9C9A-DC81F8AF6AC6}
		{898D8F58-A72E-432E-AC89-F3FD1139E0A0} = {A6838175-BA3B-44D9-9C9A-DC81F8AF6AC6}
		{0E9631F9-0A40-42DC-9C4F-AFA1327D0E2A} = {A6838175-BA3B-44D9-9C9A-DC81F8AF6AC6}
		{C64D339C-9284-46FF-A8CC-9A551B1259E5} = {D510B663-D4A6-4EBF-9302-10060B713279}
		{0D62336F-706C-4FA4-B285-4FECE94EE6AE} = {D510B663-D4A6-4EBF-9302-10060B713279}
		{D510B663-D4A6-4EBF-9302-10060B713279} = {6F51423A-1FEB-4498-8829-0D86980B87CF}
		{FD16464C-E434-4454-8659-45403ADC314E} = {6F51423A-1FEB-4498-8829-0D86980B87CF}
		{F274C592-92DA-42A6-BCAF-698721D2B1A1} = {A6838175-BA3B-44D9-9C9A-DC81F8AF6AC6}
		{D2D80CB4-88BD-4CFC-9213-A9920B0707C2} = {F274C592-92DA-42A6-BCAF-698721D2B1A1}
		{409F6F09-C9DC-4F17-A78D-2FFC37E99DEC} = {D1D42CDE-6F5B-42D7-AB9E-B62029EB7247}
		{0E0A198D-1490-48D6-A148-FA9711F7DDF1} = {D1D42CDE-6F5B-42D7-AB9E-B62029EB7247}
		{2B18204E-532C-49CB-91DA-EC881B38318A} = {D1D42CDE-6F5B-42D7-AB9E-B62029EB7247}
		{18D7B30F-09F9-4877-A223-D768461F8540} = {9CB386CA-3F38-4693-AFFB-0B2BEFB0284B}
		{97863DFD-DDFF-474F-942F-03C68CF16A9D} = {9CB386CA-3F38-4693-AFFB-0B2BEFB0284B}
		{0852A7DB-9078-4886-BEED-853CBE56659F} = {0F2DD44A-E423-4ED7-B370-7DD89421DB09}
		{773B719A-15FC-4903-AF74-0681DFE640ED} = {0F2DD44A-E423-4ED7-B370-7DD89421DB09}
		{071588C8-7A9D-496A-8C87-550942719BEC} = {1A19A677-F5F0-44C1-B605-622C2FB6206D}
		{DC0D1FC5-A166-4C86-A2F4-D7462C0BCECA} = {1A19A677-F5F0-44C1-B605-622C2FB6206D}
		{579F1CD4-EB67-48BB-8E23-76D9159C727E} = {0151DC3C-D4C1-470A-B474-52A12199E7D9}
		{91A532B3-4DB1-42AD-8F95-19DD36A2ED0B} = {0151DC3C-D4C1-470A-B474-52A12199E7D9}
		{4F3E3BFA-E570-4983-8ED3-6DC726E17346} = {986E8B90-4A9E-4867-9307-1310F98FC9EF}
		{9390FAA8-DB0A-4E95-AE16-679575EDD611} = {986E8B90-4A9E-4867-9307-1310F98FC9EF}
		{5820C11B-A6A5-4B2E-BBAC-B0C3A45512B6} = {986E8B90-4A9E-4867-9307-1310F98FC9EF}
		{66A5C240-EF03-40A1-952E-0A7210B4C931} = {0F2DD44A-E423-4ED7-B370-7DD89421DB09}
		{5320500A-D932-456D-89AB-6EB379199B26} = {6F51423A-1FEB-4498-8829-0D86980B87CF}
		{C01BDFC1-36E7-4EF4-9C82-AA090C3ED052} = {97863DFD-DDFF-474F-942F-03C68CF16A9D}
		{4D132D90-BEFA-4103-8DB6-F209F542A6A1} = {97863DFD-DDFF-474F-942F-03C68CF16A9D}
		{30690CB2-01D5-45D3-ACFE-2B0B6C8AF527} = {18D7B30F-09F9-4877-A223-D768461F8540}
		{17FF6F1B-423B-4641-9CF9-AB3CD0CBE0B4} = {18D7B30F-09F9-4877-A223-D768461F8540}
		{A543E125-AD33-40E5-9054-0B7E15A4C860} = {E72A1835-DABE-47F7-8E89-C89A04170FB7}
		{862821A1-C15D-4AC1-A98C-FE4259B2D5F3} = {C03CC464-9E30-4BDD-B034-47A16F00E03C}
		{6E048E00-072C-40A2-9E60-20F5B4DD644C} = {C03CC464-9E30-4BDD-B034-47A16F00E03C}
		{2E877B4F-7351-4346-BEE7-32C8A92740ED} = {9CB386CA-3F38-4693-AFFB-0B2BEFB0284B}
		{E3D9C88D-588D-4ED6-941E-A0049780EF7D} = {A6838175-BA3B-44D9-9C9A-DC81F8AF6AC6}
	EndGlobalSection
	GlobalSection(ExtensibilityGlobals) = postSolution
		SolutionGuid = {0C5395B3-99E4-49E6-9943-488DC8B01AB6}
	EndGlobalSection
EndGlobal
